// !$*UTF8*$!
{
	archiveVersion = 1;
	classes = {
	};
	objectVersion = 52;
	objects = {

/* Begin PBXBuildFile section */
		4A48C4EC277E57FC007487A0 /* AppDelegate.swift in Sources */ = {isa = PBXBuildFile; fileRef = 4A48C4EB277E57FC007487A0 /* AppDelegate.swift */; };
		4A48C4F5277E57FE007487A0 /* Assets.xcassets in Resources */ = {isa = PBXBuildFile; fileRef = 4A48C4F4277E57FE007487A0 /* Assets.xcassets */; };
		4A48C4F8277E57FE007487A0 /* LaunchScreen.storyboard in Resources */ = {isa = PBXBuildFile; fileRef = 4A48C4F6277E57FE007487A0 /* LaunchScreen.storyboard */; };
		4A48C501277E58B3007487A0 /* LBTATools in Frameworks */ = {isa = PBXBuildFile; productRef = 4A48C500277E58B3007487A0 /* LBTATools */; };
		4A48C504277E58D3007487A0 /* Alamofire in Frameworks */ = {isa = PBXBuildFile; productRef = 4A48C503277E58D3007487A0 /* Alamofire */; };
		4A48C507277E58E8007487A0 /* Nuke in Frameworks */ = {isa = PBXBuildFile; productRef = 4A48C506277E58E8007487A0 /* Nuke */; };
		4A48C50C277E5EC9007487A0 /* Colors.xcassets in Resources */ = {isa = PBXBuildFile; fileRef = 4A48C50B277E5EC9007487A0 /* Colors.xcassets */; };
		4A48C50E277E601B007487A0 /* TabBarController.swift in Sources */ = {isa = PBXBuildFile; fileRef = 4A48C50D277E601B007487A0 /* TabBarController.swift */; };
		4A48C513277E6199007487A0 /* Coordinator.swift in Sources */ = {isa = PBXBuildFile; fileRef = 4A48C512277E6199007487A0 /* Coordinator.swift */; };
		4A48C518277E6309007487A0 /* CharactersCoordinator.swift in Sources */ = {isa = PBXBuildFile; fileRef = 4A48C517277E6309007487A0 /* CharactersCoordinator.swift */; };
		4A48C51A277E631C007487A0 /* FavoritesCoordinator.swift in Sources */ = {isa = PBXBuildFile; fileRef = 4A48C519277E631C007487A0 /* FavoritesCoordinator.swift */; };
		4A48C51E277E6551007487A0 /* FavoritesController.swift in Sources */ = {isa = PBXBuildFile; fileRef = 4A48C51D277E6551007487A0 /* FavoritesController.swift */; };
		4A48C520277E6637007487A0 /* Icon.swift in Sources */ = {isa = PBXBuildFile; fileRef = 4A48C51F277E6637007487A0 /* Icon.swift */; };
		4A48C522277E671F007487A0 /* CharactersViewModel.swift in Sources */ = {isa = PBXBuildFile; fileRef = 4A48C521277E671F007487A0 /* CharactersViewModel.swift */; };
		4A48C524277E6888007487A0 /* CharactersController.swift in Sources */ = {isa = PBXBuildFile; fileRef = 4A48C523277E6888007487A0 /* CharactersController.swift */; };
		4A600E55277E7B1000C3FFC4 /* Color.swift in Sources */ = {isa = PBXBuildFile; fileRef = 4A600E54277E7B1000C3FFC4 /* Color.swift */; };
		4A600E57277E7EDA00C3FFC4 /* CharactersCell.swift in Sources */ = {isa = PBXBuildFile; fileRef = 4A600E56277E7EDA00C3FFC4 /* CharactersCell.swift */; };
		4A600E59277E7EFE00C3FFC4 /* Font.swift in Sources */ = {isa = PBXBuildFile; fileRef = 4A600E58277E7EFE00C3FFC4 /* Font.swift */; };
		4A600E5B277E7F1200C3FFC4 /* InformingState.swift in Sources */ = {isa = PBXBuildFile; fileRef = 4A600E5A277E7F1200C3FFC4 /* InformingState.swift */; };
		4A600E5D277E7F4900C3FFC4 /* Label.swift in Sources */ = {isa = PBXBuildFile; fileRef = 4A600E5C277E7F4900C3FFC4 /* Label.swift */; };
		4A600E5F277E7F7700C3FFC4 /* AttributedStringUtility.swift in Sources */ = {isa = PBXBuildFile; fileRef = 4A600E5E277E7F7700C3FFC4 /* AttributedStringUtility.swift */; };
		4A600E61277E80B300C3FFC4 /* PhotoImageView.swift in Sources */ = {isa = PBXBuildFile; fileRef = 4A600E60277E80B300C3FFC4 /* PhotoImageView.swift */; };
		4A600E70278074C500C3FFC4 /* UIView+Extension.swift in Sources */ = {isa = PBXBuildFile; fileRef = 4A600E6F278074C500C3FFC4 /* UIView+Extension.swift */; };
		4A600E72278074DD00C3FFC4 /* UIEdgeInsets+Extension.swift in Sources */ = {isa = PBXBuildFile; fileRef = 4A600E71278074DD00C3FFC4 /* UIEdgeInsets+Extension.swift */; };
		4A600E742780751100C3FFC4 /* UINavigationController+Extension.swift in Sources */ = {isa = PBXBuildFile; fileRef = 4A600E732780751100C3FFC4 /* UINavigationController+Extension.swift */; };
		4A600E762780753E00C3FFC4 /* DateFormatter+Extension.swift in Sources */ = {isa = PBXBuildFile; fileRef = 4A600E752780753E00C3FFC4 /* DateFormatter+Extension.swift */; };
		4A600E782780755600C3FFC4 /* Collection+Extension.swift in Sources */ = {isa = PBXBuildFile; fileRef = 4A600E772780755600C3FFC4 /* Collection+Extension.swift */; };
		4A600E7A2780756E00C3FFC4 /* NotificationName+Extension.swift in Sources */ = {isa = PBXBuildFile; fileRef = 4A600E792780756E00C3FFC4 /* NotificationName+Extension.swift */; };
		4A600E7C2780759000C3FFC4 /* DateFormatType.swift in Sources */ = {isa = PBXBuildFile; fileRef = 4A600E7B2780759000C3FFC4 /* DateFormatType.swift */; };
		4A600E7E278075C000C3FFC4 /* AlertControllerUtility.swift in Sources */ = {isa = PBXBuildFile; fileRef = 4A600E7D278075C000C3FFC4 /* AlertControllerUtility.swift */; };
		4A600E80278075E800C3FFC4 /* DateUtility.swift in Sources */ = {isa = PBXBuildFile; fileRef = 4A600E7F278075E800C3FFC4 /* DateUtility.swift */; };
		4A600E822780760E00C3FFC4 /* BrowserUtility.swift in Sources */ = {isa = PBXBuildFile; fileRef = 4A600E812780760E00C3FFC4 /* BrowserUtility.swift */; };
		4A600E842780768C00C3FFC4 /* Sizing.swift in Sources */ = {isa = PBXBuildFile; fileRef = 4A600E832780768C00C3FFC4 /* Sizing.swift */; };
		4A600E862780781400C3FFC4 /* ActivityIndicatorView.swift in Sources */ = {isa = PBXBuildFile; fileRef = 4A600E852780781400C3FFC4 /* ActivityIndicatorView.swift */; };
		4A600E882780785E00C3FFC4 /* UITableView+Extension.swift in Sources */ = {isa = PBXBuildFile; fileRef = 4A600E872780785E00C3FFC4 /* UITableView+Extension.swift */; };
		4A600E8A2780799300C3FFC4 /* CharactersSearchResultsViewModel.swift in Sources */ = {isa = PBXBuildFile; fileRef = 4A600E892780799300C3FFC4 /* CharactersSearchResultsViewModel.swift */; };
		4A600E8F278081AC00C3FFC4 /* PaginationModel.swift in Sources */ = {isa = PBXBuildFile; fileRef = 4A600E8E278081AC00C3FFC4 /* PaginationModel.swift */; };
		4A600E912780847500C3FFC4 /* CharactersHeaderView.swift in Sources */ = {isa = PBXBuildFile; fileRef = 4A600E902780847500C3FFC4 /* CharactersHeaderView.swift */; };
		4A600E93278084A700C3FFC4 /* InformingCell.swift in Sources */ = {isa = PBXBuildFile; fileRef = 4A600E92278084A700C3FFC4 /* InformingCell.swift */; };
		4A600E95278084D000C3FFC4 /* FooterCell.swift in Sources */ = {isa = PBXBuildFile; fileRef = 4A600E94278084D000C3FFC4 /* FooterCell.swift */; };
		4A600E9F27809F5400C3FFC4 /* CharactersDetailController.swift in Sources */ = {isa = PBXBuildFile; fileRef = 4A600E9E27809F5400C3FFC4 /* CharactersDetailController.swift */; };
		4A600EA127809FE300C3FFC4 /* CharactersDetailCell.swift in Sources */ = {isa = PBXBuildFile; fileRef = 4A600EA027809FE300C3FFC4 /* CharactersDetailCell.swift */; };
		4A600EA327809FED00C3FFC4 /* ComicsCell.swift in Sources */ = {isa = PBXBuildFile; fileRef = 4A600EA227809FED00C3FFC4 /* ComicsCell.swift */; };
		4A600EA52780A0D300C3FFC4 /* CharactersDetailViewModel.swift in Sources */ = {isa = PBXBuildFile; fileRef = 4A600EA42780A0D300C3FFC4 /* CharactersDetailViewModel.swift */; };
		4A600EA82780BA4400C3FFC4 /* CharactersDetailCoordinator.swift in Sources */ = {isa = PBXBuildFile; fileRef = 4A600EA72780BA4400C3FFC4 /* CharactersDetailCoordinator.swift */; };
		4A600EAA2781F0DE00C3FFC4 /* IconImageView.swift in Sources */ = {isa = PBXBuildFile; fileRef = 4A600EA92781F0DE00C3FFC4 /* IconImageView.swift */; };
		4A600EDD278208CB00C3FFC4 /* MarvelAPI.framework in Frameworks */ = {isa = PBXBuildFile; fileRef = 4A600ED4278208CB00C3FFC4 /* MarvelAPI.framework */; };
		4A600EE4278208CB00C3FFC4 /* MarvelAPITests.swift in Sources */ = {isa = PBXBuildFile; fileRef = 4A600EE3278208CB00C3FFC4 /* MarvelAPITests.swift */; };
		4A600EE6278208CB00C3FFC4 /* MarvelAPI.h in Headers */ = {isa = PBXBuildFile; fileRef = 4A600ED6278208CB00C3FFC4 /* MarvelAPI.h */; settings = {ATTRIBUTES = (Public, ); }; };
		4A600EE9278208CB00C3FFC4 /* MarvelAPI.framework in Frameworks */ = {isa = PBXBuildFile; fileRef = 4A600ED4278208CB00C3FFC4 /* MarvelAPI.framework */; };
		4A600EEA278208CB00C3FFC4 /* MarvelAPI.framework in Embed Frameworks */ = {isa = PBXBuildFile; fileRef = 4A600ED4278208CB00C3FFC4 /* MarvelAPI.framework */; settings = {ATTRIBUTES = (CodeSignOnCopy, RemoveHeadersOnCopy, ); }; };
		4A600EF1278208FE00C3FFC4 /* CommonCryptoUtility.swift in Sources */ = {isa = PBXBuildFile; fileRef = 4A600E52277E750600C3FFC4 /* CommonCryptoUtility.swift */; };
		4A600EF2278208FE00C3FFC4 /* Endpoint.swift in Sources */ = {isa = PBXBuildFile; fileRef = 4A600E3D277E6CF900C3FFC4 /* Endpoint.swift */; };
		4A600EF3278208FE00C3FFC4 /* ResultsModel.swift in Sources */ = {isa = PBXBuildFile; fileRef = 4A600E42277E70C500C3FFC4 /* ResultsModel.swift */; };
		4A600EF4278208FE00C3FFC4 /* ErrorModel.swift in Sources */ = {isa = PBXBuildFile; fileRef = 4A600E3B277E6CB500C3FFC4 /* ErrorModel.swift */; };
		4A600EF5278208FE00C3FFC4 /* MarvelAPI.swift in Sources */ = {isa = PBXBuildFile; fileRef = 4A600E39277E6C8C00C3FFC4 /* MarvelAPI.swift */; };
		4A600EF6278208FE00C3FFC4 /* Shared.swift in Sources */ = {isa = PBXBuildFile; fileRef = 4A600E46277E72AC00C3FFC4 /* Shared.swift */; };
		4A600EF7278208FE00C3FFC4 /* CharacterModel.swift in Sources */ = {isa = PBXBuildFile; fileRef = 4A600E44277E72A400C3FFC4 /* CharacterModel.swift */; };
		4A600EF8278208FE00C3FFC4 /* ComicModel.swift in Sources */ = {isa = PBXBuildFile; fileRef = 4A600E48277E72B900C3FFC4 /* ComicModel.swift */; };
		4A600EFA2782092500C3FFC4 /* Alamofire in Frameworks */ = {isa = PBXBuildFile; productRef = 4A600EF92782092500C3FFC4 /* Alamofire */; };
/* End PBXBuildFile section */

/* Begin PBXContainerItemProxy section */
		4A600EDE278208CB00C3FFC4 /* PBXContainerItemProxy */ = {
			isa = PBXContainerItemProxy;
			containerPortal = 4A48C4E0277E57FC007487A0 /* Project object */;
			proxyType = 1;
			remoteGlobalIDString = 4A600ED3278208CB00C3FFC4;
			remoteInfo = MarvelAPI;
		};
		4A600EE0278208CB00C3FFC4 /* PBXContainerItemProxy */ = {
			isa = PBXContainerItemProxy;
			containerPortal = 4A48C4E0277E57FC007487A0 /* Project object */;
			proxyType = 1;
			remoteGlobalIDString = 4A48C4E7277E57FC007487A0;
			remoteInfo = PATHAssignmentApp;
		};
		4A600EE7278208CB00C3FFC4 /* PBXContainerItemProxy */ = {
			isa = PBXContainerItemProxy;
			containerPortal = 4A48C4E0277E57FC007487A0 /* Project object */;
			proxyType = 1;
			remoteGlobalIDString = 4A600ED3278208CB00C3FFC4;
			remoteInfo = MarvelAPI;
		};
/* End PBXContainerItemProxy section */

/* Begin PBXCopyFilesBuildPhase section */
		4A7404E5277E6C24004FBEE7 /* Embed Frameworks */ = {
			isa = PBXCopyFilesBuildPhase;
			buildActionMask = 2147483647;
			dstPath = "";
			dstSubfolderSpec = 10;
			files = (
				4A600EEA278208CB00C3FFC4 /* MarvelAPI.framework in Embed Frameworks */,
			);
			name = "Embed Frameworks";
			runOnlyForDeploymentPostprocessing = 0;
		};
/* End PBXCopyFilesBuildPhase section */

/* Begin PBXFileReference section */
		4A48C4E8277E57FC007487A0 /* PATHAssignmentApp.app */ = {isa = PBXFileReference; explicitFileType = wrapper.application; includeInIndex = 0; path = PATHAssignmentApp.app; sourceTree = BUILT_PRODUCTS_DIR; };
		4A48C4EB277E57FC007487A0 /* AppDelegate.swift */ = {isa = PBXFileReference; lastKnownFileType = sourcecode.swift; path = AppDelegate.swift; sourceTree = "<group>"; };
		4A48C4F4277E57FE007487A0 /* Assets.xcassets */ = {isa = PBXFileReference; lastKnownFileType = folder.assetcatalog; path = Assets.xcassets; sourceTree = "<group>"; };
		4A48C4F7277E57FE007487A0 /* Base */ = {isa = PBXFileReference; lastKnownFileType = file.storyboard; name = Base; path = Base.lproj/LaunchScreen.storyboard; sourceTree = "<group>"; };
		4A48C4F9277E57FE007487A0 /* Info.plist */ = {isa = PBXFileReference; lastKnownFileType = text.plist.xml; path = Info.plist; sourceTree = "<group>"; };
		4A48C50B277E5EC9007487A0 /* Colors.xcassets */ = {isa = PBXFileReference; lastKnownFileType = folder.assetcatalog; path = Colors.xcassets; sourceTree = "<group>"; };
		4A48C50D277E601B007487A0 /* TabBarController.swift */ = {isa = PBXFileReference; lastKnownFileType = sourcecode.swift; path = TabBarController.swift; sourceTree = "<group>"; };
		4A48C512277E6199007487A0 /* Coordinator.swift */ = {isa = PBXFileReference; lastKnownFileType = sourcecode.swift; path = Coordinator.swift; sourceTree = "<group>"; };
		4A48C517277E6309007487A0 /* CharactersCoordinator.swift */ = {isa = PBXFileReference; lastKnownFileType = sourcecode.swift; path = CharactersCoordinator.swift; sourceTree = "<group>"; };
		4A48C519277E631C007487A0 /* FavoritesCoordinator.swift */ = {isa = PBXFileReference; lastKnownFileType = sourcecode.swift; path = FavoritesCoordinator.swift; sourceTree = "<group>"; };
		4A48C51D277E6551007487A0 /* FavoritesController.swift */ = {isa = PBXFileReference; lastKnownFileType = sourcecode.swift; path = FavoritesController.swift; sourceTree = "<group>"; };
		4A48C51F277E6637007487A0 /* Icon.swift */ = {isa = PBXFileReference; lastKnownFileType = sourcecode.swift; path = Icon.swift; sourceTree = "<group>"; };
		4A48C521277E671F007487A0 /* CharactersViewModel.swift */ = {isa = PBXFileReference; lastKnownFileType = sourcecode.swift; path = CharactersViewModel.swift; sourceTree = "<group>"; };
		4A48C523277E6888007487A0 /* CharactersController.swift */ = {isa = PBXFileReference; lastKnownFileType = sourcecode.swift; path = CharactersController.swift; sourceTree = "<group>"; };
		4A600E39277E6C8C00C3FFC4 /* MarvelAPI.swift */ = {isa = PBXFileReference; lastKnownFileType = sourcecode.swift; path = MarvelAPI.swift; sourceTree = "<group>"; };
		4A600E3B277E6CB500C3FFC4 /* ErrorModel.swift */ = {isa = PBXFileReference; lastKnownFileType = sourcecode.swift; path = ErrorModel.swift; sourceTree = "<group>"; };
		4A600E3D277E6CF900C3FFC4 /* Endpoint.swift */ = {isa = PBXFileReference; lastKnownFileType = sourcecode.swift; path = Endpoint.swift; sourceTree = "<group>"; };
		4A600E42277E70C500C3FFC4 /* ResultsModel.swift */ = {isa = PBXFileReference; lastKnownFileType = sourcecode.swift; path = ResultsModel.swift; sourceTree = "<group>"; };
		4A600E44277E72A400C3FFC4 /* CharacterModel.swift */ = {isa = PBXFileReference; lastKnownFileType = sourcecode.swift; path = CharacterModel.swift; sourceTree = "<group>"; };
		4A600E46277E72AC00C3FFC4 /* Shared.swift */ = {isa = PBXFileReference; lastKnownFileType = sourcecode.swift; path = Shared.swift; sourceTree = "<group>"; };
		4A600E48277E72B900C3FFC4 /* ComicModel.swift */ = {isa = PBXFileReference; lastKnownFileType = sourcecode.swift; path = ComicModel.swift; sourceTree = "<group>"; };
		4A600E52277E750600C3FFC4 /* CommonCryptoUtility.swift */ = {isa = PBXFileReference; lastKnownFileType = sourcecode.swift; path = CommonCryptoUtility.swift; sourceTree = "<group>"; };
		4A600E54277E7B1000C3FFC4 /* Color.swift */ = {isa = PBXFileReference; lastKnownFileType = sourcecode.swift; path = Color.swift; sourceTree = "<group>"; };
		4A600E56277E7EDA00C3FFC4 /* CharactersCell.swift */ = {isa = PBXFileReference; lastKnownFileType = sourcecode.swift; path = CharactersCell.swift; sourceTree = "<group>"; };
		4A600E58277E7EFE00C3FFC4 /* Font.swift */ = {isa = PBXFileReference; lastKnownFileType = sourcecode.swift; path = Font.swift; sourceTree = "<group>"; };
		4A600E5A277E7F1200C3FFC4 /* InformingState.swift */ = {isa = PBXFileReference; lastKnownFileType = sourcecode.swift; path = InformingState.swift; sourceTree = "<group>"; };
		4A600E5C277E7F4900C3FFC4 /* Label.swift */ = {isa = PBXFileReference; lastKnownFileType = sourcecode.swift; path = Label.swift; sourceTree = "<group>"; };
		4A600E5E277E7F7700C3FFC4 /* AttributedStringUtility.swift */ = {isa = PBXFileReference; lastKnownFileType = sourcecode.swift; path = AttributedStringUtility.swift; sourceTree = "<group>"; };
		4A600E60277E80B300C3FFC4 /* PhotoImageView.swift */ = {isa = PBXFileReference; lastKnownFileType = sourcecode.swift; path = PhotoImageView.swift; sourceTree = "<group>"; };
		4A600E6F278074C500C3FFC4 /* UIView+Extension.swift */ = {isa = PBXFileReference; lastKnownFileType = sourcecode.swift; path = "UIView+Extension.swift"; sourceTree = "<group>"; };
		4A600E71278074DD00C3FFC4 /* UIEdgeInsets+Extension.swift */ = {isa = PBXFileReference; lastKnownFileType = sourcecode.swift; path = "UIEdgeInsets+Extension.swift"; sourceTree = "<group>"; };
		4A600E732780751100C3FFC4 /* UINavigationController+Extension.swift */ = {isa = PBXFileReference; lastKnownFileType = sourcecode.swift; path = "UINavigationController+Extension.swift"; sourceTree = "<group>"; };
		4A600E752780753E00C3FFC4 /* DateFormatter+Extension.swift */ = {isa = PBXFileReference; lastKnownFileType = sourcecode.swift; path = "DateFormatter+Extension.swift"; sourceTree = "<group>"; };
		4A600E772780755600C3FFC4 /* Collection+Extension.swift */ = {isa = PBXFileReference; lastKnownFileType = sourcecode.swift; path = "Collection+Extension.swift"; sourceTree = "<group>"; };
		4A600E792780756E00C3FFC4 /* NotificationName+Extension.swift */ = {isa = PBXFileReference; lastKnownFileType = sourcecode.swift; path = "NotificationName+Extension.swift"; sourceTree = "<group>"; };
		4A600E7B2780759000C3FFC4 /* DateFormatType.swift */ = {isa = PBXFileReference; lastKnownFileType = sourcecode.swift; path = DateFormatType.swift; sourceTree = "<group>"; };
		4A600E7D278075C000C3FFC4 /* AlertControllerUtility.swift */ = {isa = PBXFileReference; lastKnownFileType = sourcecode.swift; path = AlertControllerUtility.swift; sourceTree = "<group>"; };
		4A600E7F278075E800C3FFC4 /* DateUtility.swift */ = {isa = PBXFileReference; lastKnownFileType = sourcecode.swift; path = DateUtility.swift; sourceTree = "<group>"; };
		4A600E812780760E00C3FFC4 /* BrowserUtility.swift */ = {isa = PBXFileReference; lastKnownFileType = sourcecode.swift; path = BrowserUtility.swift; sourceTree = "<group>"; };
		4A600E832780768C00C3FFC4 /* Sizing.swift */ = {isa = PBXFileReference; lastKnownFileType = sourcecode.swift; path = Sizing.swift; sourceTree = "<group>"; };
		4A600E852780781400C3FFC4 /* ActivityIndicatorView.swift */ = {isa = PBXFileReference; lastKnownFileType = sourcecode.swift; path = ActivityIndicatorView.swift; sourceTree = "<group>"; };
		4A600E872780785E00C3FFC4 /* UITableView+Extension.swift */ = {isa = PBXFileReference; lastKnownFileType = sourcecode.swift; path = "UITableView+Extension.swift"; sourceTree = "<group>"; };
		4A600E892780799300C3FFC4 /* CharactersSearchResultsViewModel.swift */ = {isa = PBXFileReference; lastKnownFileType = sourcecode.swift; path = CharactersSearchResultsViewModel.swift; sourceTree = "<group>"; };
		4A600E8E278081AC00C3FFC4 /* PaginationModel.swift */ = {isa = PBXFileReference; lastKnownFileType = sourcecode.swift; path = PaginationModel.swift; sourceTree = "<group>"; };
		4A600E902780847500C3FFC4 /* CharactersHeaderView.swift */ = {isa = PBXFileReference; lastKnownFileType = sourcecode.swift; path = CharactersHeaderView.swift; sourceTree = "<group>"; };
		4A600E92278084A700C3FFC4 /* InformingCell.swift */ = {isa = PBXFileReference; lastKnownFileType = sourcecode.swift; path = InformingCell.swift; sourceTree = "<group>"; };
		4A600E94278084D000C3FFC4 /* FooterCell.swift */ = {isa = PBXFileReference; lastKnownFileType = sourcecode.swift; path = FooterCell.swift; sourceTree = "<group>"; };
		4A600E9E27809F5400C3FFC4 /* CharactersDetailController.swift */ = {isa = PBXFileReference; lastKnownFileType = sourcecode.swift; path = CharactersDetailController.swift; sourceTree = "<group>"; };
		4A600EA027809FE300C3FFC4 /* CharactersDetailCell.swift */ = {isa = PBXFileReference; lastKnownFileType = sourcecode.swift; path = CharactersDetailCell.swift; sourceTree = "<group>"; };
		4A600EA227809FED00C3FFC4 /* ComicsCell.swift */ = {isa = PBXFileReference; lastKnownFileType = sourcecode.swift; path = ComicsCell.swift; sourceTree = "<group>"; };
		4A600EA42780A0D300C3FFC4 /* CharactersDetailViewModel.swift */ = {isa = PBXFileReference; lastKnownFileType = sourcecode.swift; path = CharactersDetailViewModel.swift; sourceTree = "<group>"; };
		4A600EA72780BA4400C3FFC4 /* CharactersDetailCoordinator.swift */ = {isa = PBXFileReference; lastKnownFileType = sourcecode.swift; path = CharactersDetailCoordinator.swift; sourceTree = "<group>"; };
		4A600EA92781F0DE00C3FFC4 /* IconImageView.swift */ = {isa = PBXFileReference; lastKnownFileType = sourcecode.swift; path = IconImageView.swift; sourceTree = "<group>"; };
		4A600ED4278208CB00C3FFC4 /* MarvelAPI.framework */ = {isa = PBXFileReference; explicitFileType = wrapper.framework; includeInIndex = 0; path = MarvelAPI.framework; sourceTree = BUILT_PRODUCTS_DIR; };
		4A600ED6278208CB00C3FFC4 /* MarvelAPI.h */ = {isa = PBXFileReference; lastKnownFileType = sourcecode.c.h; path = MarvelAPI.h; sourceTree = "<group>"; };
		4A600ED7278208CB00C3FFC4 /* Info.plist */ = {isa = PBXFileReference; lastKnownFileType = text.plist.xml; path = Info.plist; sourceTree = "<group>"; };
		4A600EDC278208CB00C3FFC4 /* MarvelAPITests.xctest */ = {isa = PBXFileReference; explicitFileType = wrapper.cfbundle; includeInIndex = 0; path = MarvelAPITests.xctest; sourceTree = BUILT_PRODUCTS_DIR; };
		4A600EE3278208CB00C3FFC4 /* MarvelAPITests.swift */ = {isa = PBXFileReference; lastKnownFileType = sourcecode.swift; path = MarvelAPITests.swift; sourceTree = "<group>"; };
		4A600EE5278208CB00C3FFC4 /* Info.plist */ = {isa = PBXFileReference; lastKnownFileType = text.plist.xml; path = Info.plist; sourceTree = "<group>"; };
/* End PBXFileReference section */

/* Begin PBXFrameworksBuildPhase section */
		4A48C4E5277E57FC007487A0 /* Frameworks */ = {
			isa = PBXFrameworksBuildPhase;
			buildActionMask = 2147483647;
			files = (
				4A600EE9278208CB00C3FFC4 /* MarvelAPI.framework in Frameworks */,
				4A48C507277E58E8007487A0 /* Nuke in Frameworks */,
				4A48C501277E58B3007487A0 /* LBTATools in Frameworks */,
				4A48C504277E58D3007487A0 /* Alamofire in Frameworks */,
			);
			runOnlyForDeploymentPostprocessing = 0;
		};
		4A600ED1278208CB00C3FFC4 /* Frameworks */ = {
			isa = PBXFrameworksBuildPhase;
			buildActionMask = 2147483647;
			files = (
				4A600EFA2782092500C3FFC4 /* Alamofire in Frameworks */,
			);
			runOnlyForDeploymentPostprocessing = 0;
		};
		4A600ED9278208CB00C3FFC4 /* Frameworks */ = {
			isa = PBXFrameworksBuildPhase;
			buildActionMask = 2147483647;
			files = (
				4A600EDD278208CB00C3FFC4 /* MarvelAPI.framework in Frameworks */,
			);
			runOnlyForDeploymentPostprocessing = 0;
		};
/* End PBXFrameworksBuildPhase section */

/* Begin PBXGroup section */
		4A48C4DF277E57FC007487A0 = {
			isa = PBXGroup;
			children = (
				4A48C4EA277E57FC007487A0 /* PATHAssignmentApp */,
				4A600ED5278208CB00C3FFC4 /* MarvelAPI */,
				4A600EE2278208CB00C3FFC4 /* MarvelAPITests */,
				4A48C4E9277E57FC007487A0 /* Products */,
				4A600E3F277E701100C3FFC4 /* Frameworks */,
			);
			sourceTree = "<group>";
		};
		4A48C4E9277E57FC007487A0 /* Products */ = {
			isa = PBXGroup;
			children = (
				4A48C4E8277E57FC007487A0 /* PATHAssignmentApp.app */,
				4A600ED4278208CB00C3FFC4 /* MarvelAPI.framework */,
				4A600EDC278208CB00C3FFC4 /* MarvelAPITests.xctest */,
			);
			name = Products;
			sourceTree = "<group>";
		};
		4A48C4EA277E57FC007487A0 /* PATHAssignmentApp */ = {
			isa = PBXGroup;
			children = (
				4A48C508277E592F007487A0 /* targetsSupportFiles */,
				4A48C509277E593B007487A0 /* sources */,
				4A48C50A277E5940007487A0 /* resources */,
			);
			path = PATHAssignmentApp;
			sourceTree = "<group>";
		};
		4A48C508277E592F007487A0 /* targetsSupportFiles */ = {
			isa = PBXGroup;
			children = (
				4A48C4F9277E57FE007487A0 /* Info.plist */,
			);
			path = targetsSupportFiles;
			sourceTree = "<group>";
		};
		4A48C509277E593B007487A0 /* sources */ = {
			isa = PBXGroup;
			children = (
				4A48C4EB277E57FC007487A0 /* AppDelegate.swift */,
				4A48C511277E60FD007487A0 /* shared */,
				4A600E632780732000C3FFC4 /* screens */,
			);
			path = sources;
			sourceTree = "<group>";
		};
		4A48C50A277E5940007487A0 /* resources */ = {
			isa = PBXGroup;
			children = (
				4A48C4F4277E57FE007487A0 /* Assets.xcassets */,
				4A48C50B277E5EC9007487A0 /* Colors.xcassets */,
				4A48C4F6277E57FE007487A0 /* LaunchScreen.storyboard */,
			);
			path = resources;
			sourceTree = "<group>";
		};
		4A48C50F277E60E6007487A0 /* characters */ = {
			isa = PBXGroup;
			children = (
				4A600E6E2780747200C3FFC4 /* coordinators */,
				4A600E6D2780746800C3FFC4 /* controllers */,
				4A600E6B2780745F00C3FFC4 /* views */,
				4A600E6A2780745800C3FFC4 /* viewModels */,
			);
			path = characters;
			sourceTree = "<group>";
		};
		4A48C510277E60F8007487A0 /* favorites */ = {
			isa = PBXGroup;
			children = (
				4A48C519277E631C007487A0 /* FavoritesCoordinator.swift */,
				4A48C51D277E6551007487A0 /* FavoritesController.swift */,
			);
			path = favorites;
			sourceTree = "<group>";
		};
		4A48C511277E60FD007487A0 /* shared */ = {
			isa = PBXGroup;
			children = (
				4A600E642780733E00C3FFC4 /* designSystem */,
				4A600E672780736F00C3FFC4 /* components */,
				4A600E68278073CA00C3FFC4 /* protocols */,
				4A600E662780734A00C3FFC4 /* utilities */,
				4A600E652780734400C3FFC4 /* extensions */,
				4A600E69278073CF00C3FFC4 /* models */,
			);
			path = shared;
			sourceTree = "<group>";
		};
		4A48C516277E62D1007487A0 /* tabBar */ = {
			isa = PBXGroup;
			children = (
				4A48C50D277E601B007487A0 /* TabBarController.swift */,
			);
			path = tabBar;
			sourceTree = "<group>";
		};
		4A600E37277E6C4C00C3FFC4 /* network */ = {
			isa = PBXGroup;
			children = (
				4A600E39277E6C8C00C3FFC4 /* MarvelAPI.swift */,
				4A600E3D277E6CF900C3FFC4 /* Endpoint.swift */,
			);
			path = network;
			sourceTree = "<group>";
		};
		4A600E38277E6C5900C3FFC4 /* models */ = {
			isa = PBXGroup;
			children = (
				4A600E46277E72AC00C3FFC4 /* Shared.swift */,
				4A600E42277E70C500C3FFC4 /* ResultsModel.swift */,
				4A600E44277E72A400C3FFC4 /* CharacterModel.swift */,
				4A600E48277E72B900C3FFC4 /* ComicModel.swift */,
				4A600E3B277E6CB500C3FFC4 /* ErrorModel.swift */,
			);
			path = models;
			sourceTree = "<group>";
		};
		4A600E3F277E701100C3FFC4 /* Frameworks */ = {
			isa = PBXGroup;
			children = (
			);
			name = Frameworks;
			sourceTree = "<group>";
		};
		4A600E51277E74DF00C3FFC4 /* helpers */ = {
			isa = PBXGroup;
			children = (
				4A600E52277E750600C3FFC4 /* CommonCryptoUtility.swift */,
			);
			path = helpers;
			sourceTree = "<group>";
		};
		4A600E632780732000C3FFC4 /* screens */ = {
			isa = PBXGroup;
			children = (
				4A48C516277E62D1007487A0 /* tabBar */,
				4A48C50F277E60E6007487A0 /* characters */,
				4A48C510277E60F8007487A0 /* favorites */,
				4A600E962780995E00C3FFC4 /* charactersDetail */,
			);
			path = screens;
			sourceTree = "<group>";
		};
		4A600E642780733E00C3FFC4 /* designSystem */ = {
			isa = PBXGroup;
			children = (
				4A600E58277E7EFE00C3FFC4 /* Font.swift */,
				4A600E54277E7B1000C3FFC4 /* Color.swift */,
				4A48C51F277E6637007487A0 /* Icon.swift */,
				4A600E832780768C00C3FFC4 /* Sizing.swift */,
			);
			path = designSystem;
			sourceTree = "<group>";
		};
		4A600E652780734400C3FFC4 /* extensions */ = {
			isa = PBXGroup;
			children = (
				4A600E6F278074C500C3FFC4 /* UIView+Extension.swift */,
				4A600E71278074DD00C3FFC4 /* UIEdgeInsets+Extension.swift */,
				4A600E732780751100C3FFC4 /* UINavigationController+Extension.swift */,
				4A600E872780785E00C3FFC4 /* UITableView+Extension.swift */,
				4A600E752780753E00C3FFC4 /* DateFormatter+Extension.swift */,
				4A600E772780755600C3FFC4 /* Collection+Extension.swift */,
				4A600E792780756E00C3FFC4 /* NotificationName+Extension.swift */,
			);
			path = extensions;
			sourceTree = "<group>";
		};
		4A600E662780734A00C3FFC4 /* utilities */ = {
			isa = PBXGroup;
			children = (
				4A600E5E277E7F7700C3FFC4 /* AttributedStringUtility.swift */,
				4A600E7D278075C000C3FFC4 /* AlertControllerUtility.swift */,
				4A600E7F278075E800C3FFC4 /* DateUtility.swift */,
				4A600E812780760E00C3FFC4 /* BrowserUtility.swift */,
			);
			path = utilities;
			sourceTree = "<group>";
		};
		4A600E672780736F00C3FFC4 /* components */ = {
			isa = PBXGroup;
			children = (
				4A600E5C277E7F4900C3FFC4 /* Label.swift */,
				4A600E60277E80B300C3FFC4 /* PhotoImageView.swift */,
				4A600E852780781400C3FFC4 /* ActivityIndicatorView.swift */,
				4A600E92278084A700C3FFC4 /* InformingCell.swift */,
				4A600E94278084D000C3FFC4 /* FooterCell.swift */,
				4A600EA92781F0DE00C3FFC4 /* IconImageView.swift */,
			);
			path = components;
			sourceTree = "<group>";
		};
		4A600E68278073CA00C3FFC4 /* protocols */ = {
			isa = PBXGroup;
			children = (
				4A48C512277E6199007487A0 /* Coordinator.swift */,
			);
			path = protocols;
			sourceTree = "<group>";
		};
		4A600E69278073CF00C3FFC4 /* models */ = {
			isa = PBXGroup;
			children = (
				4A600E8E278081AC00C3FFC4 /* PaginationModel.swift */,
				4A600E5A277E7F1200C3FFC4 /* InformingState.swift */,
				4A600E7B2780759000C3FFC4 /* DateFormatType.swift */,
			);
			path = models;
			sourceTree = "<group>";
		};
		4A600E6A2780745800C3FFC4 /* viewModels */ = {
			isa = PBXGroup;
			children = (
				4A48C521277E671F007487A0 /* CharactersViewModel.swift */,
				4A600E892780799300C3FFC4 /* CharactersSearchResultsViewModel.swift */,
			);
			path = viewModels;
			sourceTree = "<group>";
		};
		4A600E6B2780745F00C3FFC4 /* views */ = {
			isa = PBXGroup;
			children = (
				4A600E902780847500C3FFC4 /* CharactersHeaderView.swift */,
				4A600E56277E7EDA00C3FFC4 /* CharactersCell.swift */,
			);
			path = views;
			sourceTree = "<group>";
		};
		4A600E6D2780746800C3FFC4 /* controllers */ = {
			isa = PBXGroup;
			children = (
				4A48C523277E6888007487A0 /* CharactersController.swift */,
			);
			path = controllers;
			sourceTree = "<group>";
		};
		4A600E6E2780747200C3FFC4 /* coordinators */ = {
			isa = PBXGroup;
			children = (
				4A48C517277E6309007487A0 /* CharactersCoordinator.swift */,
			);
			path = coordinators;
			sourceTree = "<group>";
		};
		4A600E962780995E00C3FFC4 /* charactersDetail */ = {
			isa = PBXGroup;
			children = (
				4A600EA62780BA2900C3FFC4 /* coordinators */,
				4A600E9B27809F2F00C3FFC4 /* controllers */,
				4A600E9C27809F3500C3FFC4 /* viewModels */,
				4A600E9D27809F3A00C3FFC4 /* views */,
			);
			path = charactersDetail;
			sourceTree = "<group>";
		};
		4A600E9B27809F2F00C3FFC4 /* controllers */ = {
			isa = PBXGroup;
			children = (
				4A600E9E27809F5400C3FFC4 /* CharactersDetailController.swift */,
			);
			path = controllers;
			sourceTree = "<group>";
		};
		4A600E9C27809F3500C3FFC4 /* viewModels */ = {
			isa = PBXGroup;
			children = (
				4A600EA42780A0D300C3FFC4 /* CharactersDetailViewModel.swift */,
			);
			path = viewModels;
			sourceTree = "<group>";
		};
		4A600E9D27809F3A00C3FFC4 /* views */ = {
			isa = PBXGroup;
			children = (
				4A600EA027809FE300C3FFC4 /* CharactersDetailCell.swift */,
				4A600EA227809FED00C3FFC4 /* ComicsCell.swift */,
			);
			path = views;
			sourceTree = "<group>";
		};
		4A600EA62780BA2900C3FFC4 /* coordinators */ = {
			isa = PBXGroup;
			children = (
				4A600EA72780BA4400C3FFC4 /* CharactersDetailCoordinator.swift */,
			);
			path = coordinators;
			sourceTree = "<group>";
		};
		4A600ED5278208CB00C3FFC4 /* MarvelAPI */ = {
			isa = PBXGroup;
			children = (
				4A600E37277E6C4C00C3FFC4 /* network */,
				4A600E38277E6C5900C3FFC4 /* models */,
				4A600E51277E74DF00C3FFC4 /* helpers */,
				4A600ED6278208CB00C3FFC4 /* MarvelAPI.h */,
				4A600ED7278208CB00C3FFC4 /* Info.plist */,
			);
			path = MarvelAPI;
			sourceTree = "<group>";
		};
		4A600EE2278208CB00C3FFC4 /* MarvelAPITests */ = {
			isa = PBXGroup;
			children = (
				4A600EE3278208CB00C3FFC4 /* MarvelAPITests.swift */,
				4A600EE5278208CB00C3FFC4 /* Info.plist */,
			);
			path = MarvelAPITests;
			sourceTree = "<group>";
		};
/* End PBXGroup section */

/* Begin PBXHeadersBuildPhase section */
		4A600ECF278208CB00C3FFC4 /* Headers */ = {
			isa = PBXHeadersBuildPhase;
			buildActionMask = 2147483647;
			files = (
				4A600EE6278208CB00C3FFC4 /* MarvelAPI.h in Headers */,
			);
			runOnlyForDeploymentPostprocessing = 0;
		};
/* End PBXHeadersBuildPhase section */

/* Begin PBXNativeTarget section */
		4A48C4E7277E57FC007487A0 /* PATHAssignmentApp */ = {
			isa = PBXNativeTarget;
			buildConfigurationList = 4A48C4FC277E57FE007487A0 /* Build configuration list for PBXNativeTarget "PATHAssignmentApp" */;
			buildPhases = (
				4A48C4E4277E57FC007487A0 /* Sources */,
				4A48C4E5277E57FC007487A0 /* Frameworks */,
				4A48C4E6277E57FC007487A0 /* Resources */,
				4A7404E5277E6C24004FBEE7 /* Embed Frameworks */,
			);
			buildRules = (
			);
			dependencies = (
				4A600EE8278208CB00C3FFC4 /* PBXTargetDependency */,
			);
			name = PATHAssignmentApp;
			packageProductDependencies = (
				4A48C500277E58B3007487A0 /* LBTATools */,
				4A48C503277E58D3007487A0 /* Alamofire */,
				4A48C506277E58E8007487A0 /* Nuke */,
			);
			productName = PATHAssignmentApp;
			productReference = 4A48C4E8277E57FC007487A0 /* PATHAssignmentApp.app */;
			productType = "com.apple.product-type.application";
		};
		4A600ED3278208CB00C3FFC4 /* MarvelAPI */ = {
			isa = PBXNativeTarget;
			buildConfigurationList = 4A600EEB278208CB00C3FFC4 /* Build configuration list for PBXNativeTarget "MarvelAPI" */;
			buildPhases = (
				4A600ECF278208CB00C3FFC4 /* Headers */,
				4A600ED0278208CB00C3FFC4 /* Sources */,
				4A600ED1278208CB00C3FFC4 /* Frameworks */,
				4A600ED2278208CB00C3FFC4 /* Resources */,
			);
			buildRules = (
			);
			dependencies = (
			);
			name = MarvelAPI;
			packageProductDependencies = (
				4A600EF92782092500C3FFC4 /* Alamofire */,
			);
			productName = MarvelAPI;
			productReference = 4A600ED4278208CB00C3FFC4 /* MarvelAPI.framework */;
			productType = "com.apple.product-type.framework";
		};
		4A600EDB278208CB00C3FFC4 /* MarvelAPITests */ = {
			isa = PBXNativeTarget;
			buildConfigurationList = 4A600EEE278208CB00C3FFC4 /* Build configuration list for PBXNativeTarget "MarvelAPITests" */;
			buildPhases = (
				4A600ED8278208CB00C3FFC4 /* Sources */,
				4A600ED9278208CB00C3FFC4 /* Frameworks */,
				4A600EDA278208CB00C3FFC4 /* Resources */,
			);
			buildRules = (
			);
			dependencies = (
				4A600EDF278208CB00C3FFC4 /* PBXTargetDependency */,
				4A600EE1278208CB00C3FFC4 /* PBXTargetDependency */,
			);
			name = MarvelAPITests;
			productName = MarvelAPITests;
			productReference = 4A600EDC278208CB00C3FFC4 /* MarvelAPITests.xctest */;
			productType = "com.apple.product-type.bundle.unit-test";
		};
/* End PBXNativeTarget section */

/* Begin PBXProject section */
		4A48C4E0277E57FC007487A0 /* Project object */ = {
			isa = PBXProject;
			attributes = {
				LastSwiftUpdateCheck = 1250;
				LastUpgradeCheck = 1250;
				TargetAttributes = {
					4A48C4E7277E57FC007487A0 = {
						CreatedOnToolsVersion = 12.5.1;
					};
					4A600ED3278208CB00C3FFC4 = {
						CreatedOnToolsVersion = 12.5.1;
					};
					4A600EDB278208CB00C3FFC4 = {
						CreatedOnToolsVersion = 12.5.1;
						TestTargetID = 4A48C4E7277E57FC007487A0;
					};
				};
			};
			buildConfigurationList = 4A48C4E3277E57FC007487A0 /* Build configuration list for PBXProject "PATHAssignmentApp" */;
			compatibilityVersion = "Xcode 9.3";
			developmentRegion = en;
			hasScannedForEncodings = 0;
			knownRegions = (
				en,
				Base,
			);
			mainGroup = 4A48C4DF277E57FC007487A0;
			packageReferences = (
				4A48C4FF277E58B3007487A0 /* XCRemoteSwiftPackageReference "LBTATools" */,
				4A48C502277E58D3007487A0 /* XCRemoteSwiftPackageReference "Alamofire" */,
				4A48C505277E58E8007487A0 /* XCRemoteSwiftPackageReference "Nuke" */,
			);
			productRefGroup = 4A48C4E9277E57FC007487A0 /* Products */;
			projectDirPath = "";
			projectRoot = "";
			targets = (
				4A48C4E7277E57FC007487A0 /* PATHAssignmentApp */,
				4A600ED3278208CB00C3FFC4 /* MarvelAPI */,
				4A600EDB278208CB00C3FFC4 /* MarvelAPITests */,
			);
		};
/* End PBXProject section */

/* Begin PBXResourcesBuildPhase section */
		4A48C4E6277E57FC007487A0 /* Resources */ = {
			isa = PBXResourcesBuildPhase;
			buildActionMask = 2147483647;
			files = (
				4A48C50C277E5EC9007487A0 /* Colors.xcassets in Resources */,
				4A48C4F8277E57FE007487A0 /* LaunchScreen.storyboard in Resources */,
				4A48C4F5277E57FE007487A0 /* Assets.xcassets in Resources */,
			);
			runOnlyForDeploymentPostprocessing = 0;
		};
		4A600ED2278208CB00C3FFC4 /* Resources */ = {
			isa = PBXResourcesBuildPhase;
			buildActionMask = 2147483647;
			files = (
			);
			runOnlyForDeploymentPostprocessing = 0;
		};
		4A600EDA278208CB00C3FFC4 /* Resources */ = {
			isa = PBXResourcesBuildPhase;
			buildActionMask = 2147483647;
			files = (
			);
			runOnlyForDeploymentPostprocessing = 0;
		};
/* End PBXResourcesBuildPhase section */

/* Begin PBXSourcesBuildPhase section */
		4A48C4E4277E57FC007487A0 /* Sources */ = {
			isa = PBXSourcesBuildPhase;
			buildActionMask = 2147483647;
			files = (
				4A600E72278074DD00C3FFC4 /* UIEdgeInsets+Extension.swift in Sources */,
				4A600EA82780BA4400C3FFC4 /* CharactersDetailCoordinator.swift in Sources */,
				4A600E912780847500C3FFC4 /* CharactersHeaderView.swift in Sources */,
				4A600E61277E80B300C3FFC4 /* PhotoImageView.swift in Sources */,
				4A600EAA2781F0DE00C3FFC4 /* IconImageView.swift in Sources */,
				4A48C522277E671F007487A0 /* CharactersViewModel.swift in Sources */,
				4A48C518277E6309007487A0 /* CharactersCoordinator.swift in Sources */,
				4A600E5D277E7F4900C3FFC4 /* Label.swift in Sources */,
				4A600E7E278075C000C3FFC4 /* AlertControllerUtility.swift in Sources */,
				4A600E5B277E7F1200C3FFC4 /* InformingState.swift in Sources */,
				4A600E95278084D000C3FFC4 /* FooterCell.swift in Sources */,
				4A48C51A277E631C007487A0 /* FavoritesCoordinator.swift in Sources */,
				4A600EA127809FE300C3FFC4 /* CharactersDetailCell.swift in Sources */,
				4A48C51E277E6551007487A0 /* FavoritesController.swift in Sources */,
				4A600E762780753E00C3FFC4 /* DateFormatter+Extension.swift in Sources */,
				4A600E80278075E800C3FFC4 /* DateUtility.swift in Sources */,
				4A600E882780785E00C3FFC4 /* UITableView+Extension.swift in Sources */,
				4A600E862780781400C3FFC4 /* ActivityIndicatorView.swift in Sources */,
				4A600E8A2780799300C3FFC4 /* CharactersSearchResultsViewModel.swift in Sources */,
				4A600E7C2780759000C3FFC4 /* DateFormatType.swift in Sources */,
				4A600E782780755600C3FFC4 /* Collection+Extension.swift in Sources */,
				4A48C513277E6199007487A0 /* Coordinator.swift in Sources */,
				4A600E8F278081AC00C3FFC4 /* PaginationModel.swift in Sources */,
				4A48C50E277E601B007487A0 /* TabBarController.swift in Sources */,
				4A600EA52780A0D300C3FFC4 /* CharactersDetailViewModel.swift in Sources */,
				4A600E59277E7EFE00C3FFC4 /* Font.swift in Sources */,
				4A600E93278084A700C3FFC4 /* InformingCell.swift in Sources */,
				4A48C520277E6637007487A0 /* Icon.swift in Sources */,
				4A600E7A2780756E00C3FFC4 /* NotificationName+Extension.swift in Sources */,
				4A600E822780760E00C3FFC4 /* BrowserUtility.swift in Sources */,
				4A600E57277E7EDA00C3FFC4 /* CharactersCell.swift in Sources */,
				4A48C524277E6888007487A0 /* CharactersController.swift in Sources */,
				4A600E9F27809F5400C3FFC4 /* CharactersDetailController.swift in Sources */,
				4A48C4EC277E57FC007487A0 /* AppDelegate.swift in Sources */,
				4A600E5F277E7F7700C3FFC4 /* AttributedStringUtility.swift in Sources */,
				4A600E842780768C00C3FFC4 /* Sizing.swift in Sources */,
				4A600E70278074C500C3FFC4 /* UIView+Extension.swift in Sources */,
				4A600EA327809FED00C3FFC4 /* ComicsCell.swift in Sources */,
				4A600E55277E7B1000C3FFC4 /* Color.swift in Sources */,
				4A600E742780751100C3FFC4 /* UINavigationController+Extension.swift in Sources */,
			);
			runOnlyForDeploymentPostprocessing = 0;
		};
		4A600ED0278208CB00C3FFC4 /* Sources */ = {
			isa = PBXSourcesBuildPhase;
			buildActionMask = 2147483647;
			files = (
				4A600EF6278208FE00C3FFC4 /* Shared.swift in Sources */,
				4A600EF5278208FE00C3FFC4 /* MarvelAPI.swift in Sources */,
				4A600EF3278208FE00C3FFC4 /* ResultsModel.swift in Sources */,
				4A600EF2278208FE00C3FFC4 /* Endpoint.swift in Sources */,
				4A600EF4278208FE00C3FFC4 /* ErrorModel.swift in Sources */,
				4A600EF7278208FE00C3FFC4 /* CharacterModel.swift in Sources */,
				4A600EF1278208FE00C3FFC4 /* CommonCryptoUtility.swift in Sources */,
				4A600EF8278208FE00C3FFC4 /* ComicModel.swift in Sources */,
			);
			runOnlyForDeploymentPostprocessing = 0;
		};
		4A600ED8278208CB00C3FFC4 /* Sources */ = {
			isa = PBXSourcesBuildPhase;
			buildActionMask = 2147483647;
			files = (
				4A600EE4278208CB00C3FFC4 /* MarvelAPITests.swift in Sources */,
			);
			runOnlyForDeploymentPostprocessing = 0;
		};
/* End PBXSourcesBuildPhase section */

/* Begin PBXTargetDependency section */
		4A600EDF278208CB00C3FFC4 /* PBXTargetDependency */ = {
			isa = PBXTargetDependency;
			target = 4A600ED3278208CB00C3FFC4 /* MarvelAPI */;
			targetProxy = 4A600EDE278208CB00C3FFC4 /* PBXContainerItemProxy */;
		};
		4A600EE1278208CB00C3FFC4 /* PBXTargetDependency */ = {
			isa = PBXTargetDependency;
			target = 4A48C4E7277E57FC007487A0 /* PATHAssignmentApp */;
			targetProxy = 4A600EE0278208CB00C3FFC4 /* PBXContainerItemProxy */;
		};
		4A600EE8278208CB00C3FFC4 /* PBXTargetDependency */ = {
			isa = PBXTargetDependency;
			target = 4A600ED3278208CB00C3FFC4 /* MarvelAPI */;
			targetProxy = 4A600EE7278208CB00C3FFC4 /* PBXContainerItemProxy */;
		};
/* End PBXTargetDependency section */

/* Begin PBXVariantGroup section */
		4A48C4F6277E57FE007487A0 /* LaunchScreen.storyboard */ = {
			isa = PBXVariantGroup;
			children = (
				4A48C4F7277E57FE007487A0 /* Base */,
			);
			name = LaunchScreen.storyboard;
			sourceTree = "<group>";
		};
/* End PBXVariantGroup section */

/* Begin XCBuildConfiguration section */
		4A48C4FA277E57FE007487A0 /* Debug */ = {
			isa = XCBuildConfiguration;
			buildSettings = {
				ALWAYS_SEARCH_USER_PATHS = NO;
				CLANG_ANALYZER_NONNULL = YES;
				CLANG_ANALYZER_NUMBER_OBJECT_CONVERSION = YES_AGGRESSIVE;
				CLANG_CXX_LANGUAGE_STANDARD = "gnu++14";
				CLANG_CXX_LIBRARY = "libc++";
				CLANG_ENABLE_MODULES = YES;
				CLANG_ENABLE_OBJC_ARC = YES;
				CLANG_ENABLE_OBJC_WEAK = YES;
				CLANG_WARN_BLOCK_CAPTURE_AUTORELEASING = YES;
				CLANG_WARN_BOOL_CONVERSION = YES;
				CLANG_WARN_COMMA = YES;
				CLANG_WARN_CONSTANT_CONVERSION = YES;
				CLANG_WARN_DEPRECATED_OBJC_IMPLEMENTATIONS = YES;
				CLANG_WARN_DIRECT_OBJC_ISA_USAGE = YES_ERROR;
				CLANG_WARN_DOCUMENTATION_COMMENTS = YES;
				CLANG_WARN_EMPTY_BODY = YES;
				CLANG_WARN_ENUM_CONVERSION = YES;
				CLANG_WARN_INFINITE_RECURSION = YES;
				CLANG_WARN_INT_CONVERSION = YES;
				CLANG_WARN_NON_LITERAL_NULL_CONVERSION = YES;
				CLANG_WARN_OBJC_IMPLICIT_RETAIN_SELF = YES;
				CLANG_WARN_OBJC_LITERAL_CONVERSION = YES;
				CLANG_WARN_OBJC_ROOT_CLASS = YES_ERROR;
				CLANG_WARN_QUOTED_INCLUDE_IN_FRAMEWORK_HEADER = YES;
				CLANG_WARN_RANGE_LOOP_ANALYSIS = YES;
				CLANG_WARN_STRICT_PROTOTYPES = YES;
				CLANG_WARN_SUSPICIOUS_MOVE = YES;
				CLANG_WARN_UNGUARDED_AVAILABILITY = YES_AGGRESSIVE;
				CLANG_WARN_UNREACHABLE_CODE = YES;
				CLANG_WARN__DUPLICATE_METHOD_MATCH = YES;
				COPY_PHASE_STRIP = NO;
				DEBUG_INFORMATION_FORMAT = dwarf;
				ENABLE_STRICT_OBJC_MSGSEND = YES;
				ENABLE_TESTABILITY = YES;
				GCC_C_LANGUAGE_STANDARD = gnu11;
				GCC_DYNAMIC_NO_PIC = NO;
				GCC_NO_COMMON_BLOCKS = YES;
				GCC_OPTIMIZATION_LEVEL = 0;
				GCC_PREPROCESSOR_DEFINITIONS = (
					"DEBUG=1",
					"$(inherited)",
				);
				GCC_WARN_64_TO_32_BIT_CONVERSION = YES;
				GCC_WARN_ABOUT_RETURN_TYPE = YES_ERROR;
				GCC_WARN_UNDECLARED_SELECTOR = YES;
				GCC_WARN_UNINITIALIZED_AUTOS = YES_AGGRESSIVE;
				GCC_WARN_UNUSED_FUNCTION = YES;
				GCC_WARN_UNUSED_VARIABLE = YES;
				IPHONEOS_DEPLOYMENT_TARGET = 11.0;
				MTL_ENABLE_DEBUG_INFO = INCLUDE_SOURCE;
				MTL_FAST_MATH = YES;
				ONLY_ACTIVE_ARCH = YES;
				SDKROOT = iphoneos;
				SWIFT_ACTIVE_COMPILATION_CONDITIONS = DEBUG;
				SWIFT_OPTIMIZATION_LEVEL = "-Onone";
			};
			name = Debug;
		};
		4A48C4FB277E57FE007487A0 /* Release */ = {
			isa = XCBuildConfiguration;
			buildSettings = {
				ALWAYS_SEARCH_USER_PATHS = NO;
				CLANG_ANALYZER_NONNULL = YES;
				CLANG_ANALYZER_NUMBER_OBJECT_CONVERSION = YES_AGGRESSIVE;
				CLANG_CXX_LANGUAGE_STANDARD = "gnu++14";
				CLANG_CXX_LIBRARY = "libc++";
				CLANG_ENABLE_MODULES = YES;
				CLANG_ENABLE_OBJC_ARC = YES;
				CLANG_ENABLE_OBJC_WEAK = YES;
				CLANG_WARN_BLOCK_CAPTURE_AUTORELEASING = YES;
				CLANG_WARN_BOOL_CONVERSION = YES;
				CLANG_WARN_COMMA = YES;
				CLANG_WARN_CONSTANT_CONVERSION = YES;
				CLANG_WARN_DEPRECATED_OBJC_IMPLEMENTATIONS = YES;
				CLANG_WARN_DIRECT_OBJC_ISA_USAGE = YES_ERROR;
				CLANG_WARN_DOCUMENTATION_COMMENTS = YES;
				CLANG_WARN_EMPTY_BODY = YES;
				CLANG_WARN_ENUM_CONVERSION = YES;
				CLANG_WARN_INFINITE_RECURSION = YES;
				CLANG_WARN_INT_CONVERSION = YES;
				CLANG_WARN_NON_LITERAL_NULL_CONVERSION = YES;
				CLANG_WARN_OBJC_IMPLICIT_RETAIN_SELF = YES;
				CLANG_WARN_OBJC_LITERAL_CONVERSION = YES;
				CLANG_WARN_OBJC_ROOT_CLASS = YES_ERROR;
				CLANG_WARN_QUOTED_INCLUDE_IN_FRAMEWORK_HEADER = YES;
				CLANG_WARN_RANGE_LOOP_ANALYSIS = YES;
				CLANG_WARN_STRICT_PROTOTYPES = YES;
				CLANG_WARN_SUSPICIOUS_MOVE = YES;
				CLANG_WARN_UNGUARDED_AVAILABILITY = YES_AGGRESSIVE;
				CLANG_WARN_UNREACHABLE_CODE = YES;
				CLANG_WARN__DUPLICATE_METHOD_MATCH = YES;
				COPY_PHASE_STRIP = NO;
				DEBUG_INFORMATION_FORMAT = "dwarf-with-dsym";
				ENABLE_NS_ASSERTIONS = NO;
				ENABLE_STRICT_OBJC_MSGSEND = YES;
				GCC_C_LANGUAGE_STANDARD = gnu11;
				GCC_NO_COMMON_BLOCKS = YES;
				GCC_WARN_64_TO_32_BIT_CONVERSION = YES;
				GCC_WARN_ABOUT_RETURN_TYPE = YES_ERROR;
				GCC_WARN_UNDECLARED_SELECTOR = YES;
				GCC_WARN_UNINITIALIZED_AUTOS = YES_AGGRESSIVE;
				GCC_WARN_UNUSED_FUNCTION = YES;
				GCC_WARN_UNUSED_VARIABLE = YES;
				IPHONEOS_DEPLOYMENT_TARGET = 11.0;
				MTL_ENABLE_DEBUG_INFO = NO;
				MTL_FAST_MATH = YES;
				SDKROOT = iphoneos;
				SWIFT_COMPILATION_MODE = wholemodule;
				SWIFT_OPTIMIZATION_LEVEL = "-O";
				VALIDATE_PRODUCT = YES;
			};
			name = Release;
		};
		4A48C4FD277E57FE007487A0 /* Debug */ = {
			isa = XCBuildConfiguration;
			buildSettings = {
				ALWAYS_EMBED_SWIFT_STANDARD_LIBRARIES = YES;
				ASSETCATALOG_COMPILER_APPICON_NAME = AppIcon;
				ASSETCATALOG_COMPILER_GLOBAL_ACCENT_COLOR_NAME = AccentColor;
				CODE_SIGN_STYLE = Automatic;
				DEVELOPMENT_TEAM = Z23SRYYRNP;
				INFOPLIST_FILE = PATHAssignmentApp/targetsSupportFiles/Info.plist;
				IPHONEOS_DEPLOYMENT_TARGET = 11.0;
				LD_RUNPATH_SEARCH_PATHS = (
					"$(inherited)",
					"@executable_path/Frameworks",
				);
				PRODUCT_BUNDLE_IDENTIFIER = com.sereisoglu.PATHAssignmentApp;
				PRODUCT_NAME = "$(TARGET_NAME)";
				SWIFT_VERSION = 5.0;
				TARGETED_DEVICE_FAMILY = 1;
			};
			name = Debug;
		};
		4A48C4FE277E57FE007487A0 /* Release */ = {
			isa = XCBuildConfiguration;
			buildSettings = {
				ALWAYS_EMBED_SWIFT_STANDARD_LIBRARIES = YES;
				ASSETCATALOG_COMPILER_APPICON_NAME = AppIcon;
				ASSETCATALOG_COMPILER_GLOBAL_ACCENT_COLOR_NAME = AccentColor;
				CODE_SIGN_STYLE = Automatic;
				DEVELOPMENT_TEAM = Z23SRYYRNP;
				INFOPLIST_FILE = PATHAssignmentApp/targetsSupportFiles/Info.plist;
				IPHONEOS_DEPLOYMENT_TARGET = 11.0;
				LD_RUNPATH_SEARCH_PATHS = (
					"$(inherited)",
					"@executable_path/Frameworks",
				);
				PRODUCT_BUNDLE_IDENTIFIER = com.sereisoglu.PATHAssignmentApp;
				PRODUCT_NAME = "$(TARGET_NAME)";
				SWIFT_VERSION = 5.0;
				TARGETED_DEVICE_FAMILY = 1;
			};
			name = Release;
		};
		4A600EEC278208CB00C3FFC4 /* Debug */ = {
			isa = XCBuildConfiguration;
			buildSettings = {
				CODE_SIGN_STYLE = Automatic;
				CURRENT_PROJECT_VERSION = 1;
				DEFINES_MODULE = YES;
				DEVELOPMENT_TEAM = Z23SRYYRNP;
				DYLIB_COMPATIBILITY_VERSION = 1;
				DYLIB_CURRENT_VERSION = 1;
				DYLIB_INSTALL_NAME_BASE = "@rpath";
				INFOPLIST_FILE = MarvelAPI/Info.plist;
				INSTALL_PATH = "$(LOCAL_LIBRARY_DIR)/Frameworks";
				IPHONEOS_DEPLOYMENT_TARGET = 11.0;
				LD_RUNPATH_SEARCH_PATHS = (
					"$(inherited)",
					"@executable_path/Frameworks",
					"@loader_path/Frameworks",
				);
				PRODUCT_BUNDLE_IDENTIFIER = com.sereisoglu.MarvelAPI;
				PRODUCT_NAME = "$(TARGET_NAME:c99extidentifier)";
				SKIP_INSTALL = YES;
				SUPPORTS_MACCATALYST = NO;
				SWIFT_VERSION = 5.0;
				TARGETED_DEVICE_FAMILY = "1,2";
				VERSIONING_SYSTEM = "apple-generic";
				VERSION_INFO_PREFIX = "";
			};
			name = Debug;
		};
		4A600EED278208CB00C3FFC4 /* Release */ = {
			isa = XCBuildConfiguration;
			buildSettings = {
				CODE_SIGN_STYLE = Automatic;
				CURRENT_PROJECT_VERSION = 1;
				DEFINES_MODULE = YES;
				DEVELOPMENT_TEAM = Z23SRYYRNP;
				DYLIB_COMPATIBILITY_VERSION = 1;
				DYLIB_CURRENT_VERSION = 1;
				DYLIB_INSTALL_NAME_BASE = "@rpath";
				INFOPLIST_FILE = MarvelAPI/Info.plist;
				INSTALL_PATH = "$(LOCAL_LIBRARY_DIR)/Frameworks";
				IPHONEOS_DEPLOYMENT_TARGET = 11.0;
				LD_RUNPATH_SEARCH_PATHS = (
					"$(inherited)",
					"@executable_path/Frameworks",
					"@loader_path/Frameworks",
				);
				PRODUCT_BUNDLE_IDENTIFIER = com.sereisoglu.MarvelAPI;
				PRODUCT_NAME = "$(TARGET_NAME:c99extidentifier)";
				SKIP_INSTALL = YES;
				SUPPORTS_MACCATALYST = NO;
				SWIFT_VERSION = 5.0;
				TARGETED_DEVICE_FAMILY = "1,2";
				VERSIONING_SYSTEM = "apple-generic";
				VERSION_INFO_PREFIX = "";
			};
			name = Release;
		};
		4A600EEF278208CB00C3FFC4 /* Debug */ = {
			isa = XCBuildConfiguration;
			buildSettings = {
				ALWAYS_EMBED_SWIFT_STANDARD_LIBRARIES = YES;
				CODE_SIGN_STYLE = Automatic;
				DEVELOPMENT_TEAM = Z23SRYYRNP;
				INFOPLIST_FILE = MarvelAPITests/Info.plist;
				IPHONEOS_DEPLOYMENT_TARGET = 14.5;
				LD_RUNPATH_SEARCH_PATHS = (
					"$(inherited)",
					"@executable_path/Frameworks",
					"@loader_path/Frameworks",
				);
				PRODUCT_BUNDLE_IDENTIFIER = com.sereisoglu.MarvelAPITests;
				PRODUCT_NAME = "$(TARGET_NAME)";
				SWIFT_VERSION = 5.0;
				TARGETED_DEVICE_FAMILY = "1,2";
				TEST_HOST = "$(BUILT_PRODUCTS_DIR)/PATHAssignmentApp.app/PATHAssignmentApp";
			};
			name = Debug;
		};
		4A600EF0278208CB00C3FFC4 /* Release */ = {
			isa = XCBuildConfiguration;
			buildSettings = {
				ALWAYS_EMBED_SWIFT_STANDARD_LIBRARIES = YES;
				CODE_SIGN_STYLE = Automatic;
				DEVELOPMENT_TEAM = Z23SRYYRNP;
				INFOPLIST_FILE = MarvelAPITests/Info.plist;
				IPHONEOS_DEPLOYMENT_TARGET = 14.5;
				LD_RUNPATH_SEARCH_PATHS = (
					"$(inherited)",
					"@executable_path/Frameworks",
					"@loader_path/Frameworks",
				);
				PRODUCT_BUNDLE_IDENTIFIER = com.sereisoglu.MarvelAPITests;
				PRODUCT_NAME = "$(TARGET_NAME)";
				SWIFT_VERSION = 5.0;
				TARGETED_DEVICE_FAMILY = "1,2";
				TEST_HOST = "$(BUILT_PRODUCTS_DIR)/PATHAssignmentApp.app/PATHAssignmentApp";
			};
			name = Release;
		};
/* End XCBuildConfiguration section */

/* Begin XCConfigurationList section */
		4A48C4E3277E57FC007487A0 /* Build configuration list for PBXProject "PATHAssignmentApp" */ = {
			isa = XCConfigurationList;
			buildConfigurations = (
				4A48C4FA277E57FE007487A0 /* Debug */,
				4A48C4FB277E57FE007487A0 /* Release */,
			);
			defaultConfigurationIsVisible = 0;
			defaultConfigurationName = Release;
		};
		4A48C4FC277E57FE007487A0 /* Build configuration list for PBXNativeTarget "PATHAssignmentApp" */ = {
			isa = XCConfigurationList;
			buildConfigurations = (
				4A48C4FD277E57FE007487A0 /* Debug */,
				4A48C4FE277E57FE007487A0 /* Release */,
			);
			defaultConfigurationIsVisible = 0;
			defaultConfigurationName = Release;
		};
		4A600EEB278208CB00C3FFC4 /* Build configuration list for PBXNativeTarget "MarvelAPI" */ = {
			isa = XCConfigurationList;
			buildConfigurations = (
				4A600EEC278208CB00C3FFC4 /* Debug */,
				4A600EED278208CB00C3FFC4 /* Release */,
			);
			defaultConfigurationIsVisible = 0;
			defaultConfigurationName = Release;
		};
		4A600EEE278208CB00C3FFC4 /* Build configuration list for PBXNativeTarget "MarvelAPITests" */ = {
			isa = XCConfigurationList;
			buildConfigurations = (
				4A600EEF278208CB00C3FFC4 /* Debug */,
				4A600EF0278208CB00C3FFC4 /* Release */,
			);
			defaultConfigurationIsVisible = 0;
			defaultConfigurationName = Release;
		};
/* End XCConfigurationList section */

/* Begin XCRemoteSwiftPackageReference section */
		4A48C4FF277E58B3007487A0 /* XCRemoteSwiftPackageReference "LBTATools" */ = {
			isa = XCRemoteSwiftPackageReference;
			repositoryURL = "https://github.com/bhlvoong/LBTATools.git";
			requirement = {
				kind = upToNextMajorVersion;
				minimumVersion = 1.0.17;
			};
		};
		4A48C502277E58D3007487A0 /* XCRemoteSwiftPackageReference "Alamofire" */ = {
			isa = XCRemoteSwiftPackageReference;
			repositoryURL = "https://github.com/Alamofire/Alamofire.git";
			requirement = {
				kind = upToNextMajorVersion;
				minimumVersion = 5.4.3;
			};
		};
		4A48C505277E58E8007487A0 /* XCRemoteSwiftPackageReference "Nuke" */ = {
			isa = XCRemoteSwiftPackageReference;
			repositoryURL = "https://github.com/kean/Nuke.git";
			requirement = {
				kind = upToNextMajorVersion;
				minimumVersion = 10.4.0;
			};
		};
/* End XCRemoteSwiftPackageReference section */

/* Begin XCSwiftPackageProductDependency section */
		4A48C500277E58B3007487A0 /* LBTATools */ = {
			isa = XCSwiftPackageProductDependency;
			package = 4A48C4FF277E58B3007487A0 /* XCRemoteSwiftPackageReference "LBTATools" */;
			productName = LBTATools;
		};
		4A48C503277E58D3007487A0 /* Alamofire */ = {
			isa = XCSwiftPackageProductDependency;
			package = 4A48C502277E58D3007487A0 /* XCRemoteSwiftPackageReference "Alamofire" */;
			productName = Alamofire;
		};
		4A48C506277E58E8007487A0 /* Nuke */ = {
			isa = XCSwiftPackageProductDependency;
			package = 4A48C505277E58E8007487A0 /* XCRemoteSwiftPackageReference "Nuke" */;
			productName = Nuke;
		};
		4A600EF92782092500C3FFC4 /* Alamofire */ = {
			isa = XCSwiftPackageProductDependency;
			package = 4A48C502277E58D3007487A0 /* XCRemoteSwiftPackageReference "Alamofire" */;
			productName = Alamofire;
		};
/* End XCSwiftPackageProductDependency section */
	};
	rootObject = 4A48C4E0277E57FC007487A0 /* Project object */;
}
