// !$*UTF8*$!
{
	archiveVersion = 1;
	classes = {
	};
	objectVersion = 52;
	objects = {

/* Begin PBXBuildFile section */
		4A48C4EC277E57FC007487A0 /* AppDelegate.swift in Sources */ = {isa = PBXBuildFile; fileRef = 4A48C4EB277E57FC007487A0 /* AppDelegate.swift */; };
		4A48C4F5277E57FE007487A0 /* Assets.xcassets in Resources */ = {isa = PBXBuildFile; fileRef = 4A48C4F4277E57FE007487A0 /* Assets.xcassets */; };
		4A48C4F8277E57FE007487A0 /* LaunchScreen.storyboard in Resources */ = {isa = PBXBuildFile; fileRef = 4A48C4F6277E57FE007487A0 /* LaunchScreen.storyboard */; };
		4A48C501277E58B3007487A0 /* LBTATools in Frameworks */ = {isa = PBXBuildFile; productRef = 4A48C500277E58B3007487A0 /* LBTATools */; };
		4A48C504277E58D3007487A0 /* Alamofire in Frameworks */ = {isa = PBXBuildFile; productRef = 4A48C503277E58D3007487A0 /* Alamofire */; };
		4A48C507277E58E8007487A0 /* Nuke in Frameworks */ = {isa = PBXBuildFile; productRef = 4A48C506277E58E8007487A0 /* Nuke */; };
		4A48C50C277E5EC9007487A0 /* Colors.xcassets in Resources */ = {isa = PBXBuildFile; fileRef = 4A48C50B277E5EC9007487A0 /* Colors.xcassets */; };
		4A48C50E277E601B007487A0 /* TabBarController.swift in Sources */ = {isa = PBXBuildFile; fileRef = 4A48C50D277E601B007487A0 /* TabBarController.swift */; };
		4A48C513277E6199007487A0 /* Coordinator.swift in Sources */ = {isa = PBXBuildFile; fileRef = 4A48C512277E6199007487A0 /* Coordinator.swift */; };
		4A48C518277E6309007487A0 /* CharactersCoordinator.swift in Sources */ = {isa = PBXBuildFile; fileRef = 4A48C517277E6309007487A0 /* CharactersCoordinator.swift */; };
		4A48C51A277E631C007487A0 /* FavoritesCoordinator.swift in Sources */ = {isa = PBXBuildFile; fileRef = 4A48C519277E631C007487A0 /* FavoritesCoordinator.swift */; };
		4A48C51E277E6551007487A0 /* FavoritesController.swift in Sources */ = {isa = PBXBuildFile; fileRef = 4A48C51D277E6551007487A0 /* FavoritesController.swift */; };
		4A48C520277E6637007487A0 /* Icon.swift in Sources */ = {isa = PBXBuildFile; fileRef = 4A48C51F277E6637007487A0 /* Icon.swift */; };
		4A48C522277E671F007487A0 /* CharactersViewModel.swift in Sources */ = {isa = PBXBuildFile; fileRef = 4A48C521277E671F007487A0 /* CharactersViewModel.swift */; };
		4A48C524277E6888007487A0 /* CharactersController.swift in Sources */ = {isa = PBXBuildFile; fileRef = 4A48C523277E6888007487A0 /* CharactersController.swift */; };
		4A600E4A277E748500C3FFC4 /* MarvelAPI.swift in Sources */ = {isa = PBXBuildFile; fileRef = 4A600E39277E6C8C00C3FFC4 /* MarvelAPI.swift */; };
		4A600E4B277E748500C3FFC4 /* CharacterModel.swift in Sources */ = {isa = PBXBuildFile; fileRef = 4A600E44277E72A400C3FFC4 /* CharacterModel.swift */; };
		4A600E4C277E748500C3FFC4 /* ComicModel.swift in Sources */ = {isa = PBXBuildFile; fileRef = 4A600E48277E72B900C3FFC4 /* ComicModel.swift */; };
		4A600E4D277E748500C3FFC4 /* Shared.swift in Sources */ = {isa = PBXBuildFile; fileRef = 4A600E46277E72AC00C3FFC4 /* Shared.swift */; };
		4A600E4E277E748500C3FFC4 /* Endpoint.swift in Sources */ = {isa = PBXBuildFile; fileRef = 4A600E3D277E6CF900C3FFC4 /* Endpoint.swift */; };
		4A600E4F277E748500C3FFC4 /* PaginationModel.swift in Sources */ = {isa = PBXBuildFile; fileRef = 4A600E42277E70C500C3FFC4 /* PaginationModel.swift */; };
		4A600E50277E748500C3FFC4 /* ErrorModel.swift in Sources */ = {isa = PBXBuildFile; fileRef = 4A600E3B277E6CB500C3FFC4 /* ErrorModel.swift */; };
		4A600E53277E750600C3FFC4 /* CommonCryptoUtility.swift in Sources */ = {isa = PBXBuildFile; fileRef = 4A600E52277E750600C3FFC4 /* CommonCryptoUtility.swift */; };
/* End PBXBuildFile section */

/* Begin PBXCopyFilesBuildPhase section */
		4A7404E5277E6C24004FBEE7 /* Embed Frameworks */ = {
			isa = PBXCopyFilesBuildPhase;
			buildActionMask = 2147483647;
			dstPath = "";
			dstSubfolderSpec = 10;
			files = (
			);
			name = "Embed Frameworks";
			runOnlyForDeploymentPostprocessing = 0;
		};
/* End PBXCopyFilesBuildPhase section */

/* Begin PBXFileReference section */
		4A48C4E8277E57FC007487A0 /* PATHAssignmentApp.app */ = {isa = PBXFileReference; explicitFileType = wrapper.application; includeInIndex = 0; path = PATHAssignmentApp.app; sourceTree = BUILT_PRODUCTS_DIR; };
		4A48C4EB277E57FC007487A0 /* AppDelegate.swift */ = {isa = PBXFileReference; lastKnownFileType = sourcecode.swift; path = AppDelegate.swift; sourceTree = "<group>"; };
		4A48C4F4277E57FE007487A0 /* Assets.xcassets */ = {isa = PBXFileReference; lastKnownFileType = folder.assetcatalog; path = Assets.xcassets; sourceTree = "<group>"; };
		4A48C4F7277E57FE007487A0 /* Base */ = {isa = PBXFileReference; lastKnownFileType = file.storyboard; name = Base; path = Base.lproj/LaunchScreen.storyboard; sourceTree = "<group>"; };
		4A48C4F9277E57FE007487A0 /* Info.plist */ = {isa = PBXFileReference; lastKnownFileType = text.plist.xml; path = Info.plist; sourceTree = "<group>"; };
		4A48C50B277E5EC9007487A0 /* Colors.xcassets */ = {isa = PBXFileReference; lastKnownFileType = folder.assetcatalog; path = Colors.xcassets; sourceTree = "<group>"; };
		4A48C50D277E601B007487A0 /* TabBarController.swift */ = {isa = PBXFileReference; lastKnownFileType = sourcecode.swift; path = TabBarController.swift; sourceTree = "<group>"; };
		4A48C512277E6199007487A0 /* Coordinator.swift */ = {isa = PBXFileReference; lastKnownFileType = sourcecode.swift; path = Coordinator.swift; sourceTree = "<group>"; };
		4A48C517277E6309007487A0 /* CharactersCoordinator.swift */ = {isa = PBXFileReference; lastKnownFileType = sourcecode.swift; path = CharactersCoordinator.swift; sourceTree = "<group>"; };
		4A48C519277E631C007487A0 /* FavoritesCoordinator.swift */ = {isa = PBXFileReference; lastKnownFileType = sourcecode.swift; path = FavoritesCoordinator.swift; sourceTree = "<group>"; };
		4A48C51D277E6551007487A0 /* FavoritesController.swift */ = {isa = PBXFileReference; lastKnownFileType = sourcecode.swift; path = FavoritesController.swift; sourceTree = "<group>"; };
		4A48C51F277E6637007487A0 /* Icon.swift */ = {isa = PBXFileReference; lastKnownFileType = sourcecode.swift; path = Icon.swift; sourceTree = "<group>"; };
		4A48C521277E671F007487A0 /* CharactersViewModel.swift */ = {isa = PBXFileReference; lastKnownFileType = sourcecode.swift; path = CharactersViewModel.swift; sourceTree = "<group>"; };
		4A48C523277E6888007487A0 /* CharactersController.swift */ = {isa = PBXFileReference; lastKnownFileType = sourcecode.swift; path = CharactersController.swift; sourceTree = "<group>"; };
		4A600E39277E6C8C00C3FFC4 /* MarvelAPI.swift */ = {isa = PBXFileReference; lastKnownFileType = sourcecode.swift; path = MarvelAPI.swift; sourceTree = "<group>"; };
		4A600E3B277E6CB500C3FFC4 /* ErrorModel.swift */ = {isa = PBXFileReference; lastKnownFileType = sourcecode.swift; path = ErrorModel.swift; sourceTree = "<group>"; };
		4A600E3D277E6CF900C3FFC4 /* Endpoint.swift */ = {isa = PBXFileReference; lastKnownFileType = sourcecode.swift; path = Endpoint.swift; sourceTree = "<group>"; };
		4A600E42277E70C500C3FFC4 /* PaginationModel.swift */ = {isa = PBXFileReference; lastKnownFileType = sourcecode.swift; path = PaginationModel.swift; sourceTree = "<group>"; };
		4A600E44277E72A400C3FFC4 /* CharacterModel.swift */ = {isa = PBXFileReference; lastKnownFileType = sourcecode.swift; path = CharacterModel.swift; sourceTree = "<group>"; };
		4A600E46277E72AC00C3FFC4 /* Shared.swift */ = {isa = PBXFileReference; lastKnownFileType = sourcecode.swift; path = Shared.swift; sourceTree = "<group>"; };
		4A600E48277E72B900C3FFC4 /* ComicModel.swift */ = {isa = PBXFileReference; lastKnownFileType = sourcecode.swift; path = ComicModel.swift; sourceTree = "<group>"; };
		4A600E52277E750600C3FFC4 /* CommonCryptoUtility.swift */ = {isa = PBXFileReference; lastKnownFileType = sourcecode.swift; path = CommonCryptoUtility.swift; sourceTree = "<group>"; };
/* End PBXFileReference section */

/* Begin PBXFrameworksBuildPhase section */
		4A48C4E5277E57FC007487A0 /* Frameworks */ = {
			isa = PBXFrameworksBuildPhase;
			buildActionMask = 2147483647;
			files = (
				4A48C507277E58E8007487A0 /* Nuke in Frameworks */,
				4A48C501277E58B3007487A0 /* LBTATools in Frameworks */,
				4A48C504277E58D3007487A0 /* Alamofire in Frameworks */,
			);
			runOnlyForDeploymentPostprocessing = 0;
		};
/* End PBXFrameworksBuildPhase section */

/* Begin PBXGroup section */
		4A48C4DF277E57FC007487A0 = {
			isa = PBXGroup;
			children = (
				4A48C4EA277E57FC007487A0 /* PATHAssignmentApp */,
				4A48C4E9277E57FC007487A0 /* Products */,
				4A600E3F277E701100C3FFC4 /* Frameworks */,
			);
			sourceTree = "<group>";
		};
		4A48C4E9277E57FC007487A0 /* Products */ = {
			isa = PBXGroup;
			children = (
				4A48C4E8277E57FC007487A0 /* PATHAssignmentApp.app */,
			);
			name = Products;
			sourceTree = "<group>";
		};
		4A48C4EA277E57FC007487A0 /* PATHAssignmentApp */ = {
			isa = PBXGroup;
			children = (
				4A48C508277E592F007487A0 /* targetsSupportFiles */,
				4A48C509277E593B007487A0 /* sources */,
				4A48C50A277E5940007487A0 /* resources */,
			);
			path = PATHAssignmentApp;
			sourceTree = "<group>";
		};
		4A48C508277E592F007487A0 /* targetsSupportFiles */ = {
			isa = PBXGroup;
			children = (
				4A48C4F9277E57FE007487A0 /* Info.plist */,
			);
			path = targetsSupportFiles;
			sourceTree = "<group>";
		};
		4A48C509277E593B007487A0 /* sources */ = {
			isa = PBXGroup;
			children = (
				4A600E51277E74DF00C3FFC4 /* helpers */,
				4A600E37277E6C4C00C3FFC4 /* network */,
				4A600E38277E6C5900C3FFC4 /* models */,
				4A48C4EB277E57FC007487A0 /* AppDelegate.swift */,
				4A48C511277E60FD007487A0 /* shared */,
				4A48C516277E62D1007487A0 /* main */,
				4A48C50F277E60E6007487A0 /* characters */,
				4A48C510277E60F8007487A0 /* favorites */,
			);
			path = sources;
			sourceTree = "<group>";
		};
		4A48C50A277E5940007487A0 /* resources */ = {
			isa = PBXGroup;
			children = (
				4A48C4F4277E57FE007487A0 /* Assets.xcassets */,
				4A48C50B277E5EC9007487A0 /* Colors.xcassets */,
				4A48C4F6277E57FE007487A0 /* LaunchScreen.storyboard */,
			);
			path = resources;
			sourceTree = "<group>";
		};
		4A48C50F277E60E6007487A0 /* characters */ = {
			isa = PBXGroup;
			children = (
				4A48C517277E6309007487A0 /* CharactersCoordinator.swift */,
				4A48C523277E6888007487A0 /* CharactersController.swift */,
				4A48C521277E671F007487A0 /* CharactersViewModel.swift */,
			);
			path = characters;
			sourceTree = "<group>";
		};
		4A48C510277E60F8007487A0 /* favorites */ = {
			isa = PBXGroup;
			children = (
				4A48C519277E631C007487A0 /* FavoritesCoordinator.swift */,
				4A48C51D277E6551007487A0 /* FavoritesController.swift */,
			);
			path = favorites;
			sourceTree = "<group>";
		};
		4A48C511277E60FD007487A0 /* shared */ = {
			isa = PBXGroup;
			children = (
				4A48C512277E6199007487A0 /* Coordinator.swift */,
				4A48C51F277E6637007487A0 /* Icon.swift */,
			);
			path = shared;
			sourceTree = "<group>";
		};
		4A48C516277E62D1007487A0 /* main */ = {
			isa = PBXGroup;
			children = (
				4A48C50D277E601B007487A0 /* TabBarController.swift */,
			);
			path = main;
			sourceTree = "<group>";
		};
		4A600E37277E6C4C00C3FFC4 /* network */ = {
			isa = PBXGroup;
			children = (
				4A600E39277E6C8C00C3FFC4 /* MarvelAPI.swift */,
				4A600E3D277E6CF900C3FFC4 /* Endpoint.swift */,
			);
			path = network;
			sourceTree = "<group>";
		};
		4A600E38277E6C5900C3FFC4 /* models */ = {
			isa = PBXGroup;
			children = (
				4A600E46277E72AC00C3FFC4 /* Shared.swift */,
				4A600E42277E70C500C3FFC4 /* PaginationModel.swift */,
				4A600E44277E72A400C3FFC4 /* CharacterModel.swift */,
				4A600E48277E72B900C3FFC4 /* ComicModel.swift */,
				4A600E3B277E6CB500C3FFC4 /* ErrorModel.swift */,
			);
			path = models;
			sourceTree = "<group>";
		};
		4A600E3F277E701100C3FFC4 /* Frameworks */ = {
			isa = PBXGroup;
			children = (
			);
			name = Frameworks;
			sourceTree = "<group>";
		};
		4A600E51277E74DF00C3FFC4 /* helpers */ = {
			isa = PBXGroup;
			children = (
				4A600E52277E750600C3FFC4 /* CommonCryptoUtility.swift */,
			);
			path = helpers;
			sourceTree = "<group>";
		};
/* End PBXGroup section */

/* Begin PBXNativeTarget section */
		4A48C4E7277E57FC007487A0 /* PATHAssignmentApp */ = {
			isa = PBXNativeTarget;
			buildConfigurationList = 4A48C4FC277E57FE007487A0 /* Build configuration list for PBXNativeTarget "PATHAssignmentApp" */;
			buildPhases = (
				4A48C4E4277E57FC007487A0 /* Sources */,
				4A48C4E5277E57FC007487A0 /* Frameworks */,
				4A48C4E6277E57FC007487A0 /* Resources */,
				4A7404E5277E6C24004FBEE7 /* Embed Frameworks */,
			);
			buildRules = (
			);
			dependencies = (
			);
			name = PATHAssignmentApp;
			packageProductDependencies = (
				4A48C500277E58B3007487A0 /* LBTATools */,
				4A48C503277E58D3007487A0 /* Alamofire */,
				4A48C506277E58E8007487A0 /* Nuke */,
			);
			productName = PATHAssignmentApp;
			productReference = 4A48C4E8277E57FC007487A0 /* PATHAssignmentApp.app */;
			productType = "com.apple.product-type.application";
		};
/* End PBXNativeTarget section */

/* Begin PBXProject section */
		4A48C4E0277E57FC007487A0 /* Project object */ = {
			isa = PBXProject;
			attributes = {
				LastSwiftUpdateCheck = 1250;
				LastUpgradeCheck = 1250;
				TargetAttributes = {
					4A48C4E7277E57FC007487A0 = {
						CreatedOnToolsVersion = 12.5.1;
					};
				};
			};
			buildConfigurationList = 4A48C4E3277E57FC007487A0 /* Build configuration list for PBXProject "PATHAssignmentApp" */;
			compatibilityVersion = "Xcode 9.3";
			developmentRegion = en;
			hasScannedForEncodings = 0;
			knownRegions = (
				en,
				Base,
			);
			mainGroup = 4A48C4DF277E57FC007487A0;
			packageReferences = (
				4A48C4FF277E58B3007487A0 /* XCRemoteSwiftPackageReference "LBTATools" */,
				4A48C502277E58D3007487A0 /* XCRemoteSwiftPackageReference "Alamofire" */,
				4A48C505277E58E8007487A0 /* XCRemoteSwiftPackageReference "Nuke" */,
			);
			productRefGroup = 4A48C4E9277E57FC007487A0 /* Products */;
			projectDirPath = "";
			projectRoot = "";
			targets = (
				4A48C4E7277E57FC007487A0 /* PATHAssignmentApp */,
			);
		};
/* End PBXProject section */

/* Begin PBXResourcesBuildPhase section */
		4A48C4E6277E57FC007487A0 /* Resources */ = {
			isa = PBXResourcesBuildPhase;
			buildActionMask = 2147483647;
			files = (
				4A48C50C277E5EC9007487A0 /* Colors.xcassets in Resources */,
				4A48C4F8277E57FE007487A0 /* LaunchScreen.storyboard in Resources */,
				4A48C4F5277E57FE007487A0 /* Assets.xcassets in Resources */,
			);
			runOnlyForDeploymentPostprocessing = 0;
		};
/* End PBXResourcesBuildPhase section */

/* Begin PBXSourcesBuildPhase section */
		4A48C4E4277E57FC007487A0 /* Sources */ = {
			isa = PBXSourcesBuildPhase;
			buildActionMask = 2147483647;
			files = (
				4A600E4E277E748500C3FFC4 /* Endpoint.swift in Sources */,
				4A600E4D277E748500C3FFC4 /* Shared.swift in Sources */,
				4A48C522277E671F007487A0 /* CharactersViewModel.swift in Sources */,
				4A48C518277E6309007487A0 /* CharactersCoordinator.swift in Sources */,
				4A48C51A277E631C007487A0 /* FavoritesCoordinator.swift in Sources */,
				4A48C51E277E6551007487A0 /* FavoritesController.swift in Sources */,
				4A600E50277E748500C3FFC4 /* ErrorModel.swift in Sources */,
				4A600E4B277E748500C3FFC4 /* CharacterModel.swift in Sources */,
				4A48C513277E6199007487A0 /* Coordinator.swift in Sources */,
				4A600E4A277E748500C3FFC4 /* MarvelAPI.swift in Sources */,
				4A48C50E277E601B007487A0 /* TabBarController.swift in Sources */,
				4A600E4F277E748500C3FFC4 /* PaginationModel.swift in Sources */,
				4A48C520277E6637007487A0 /* Icon.swift in Sources */,
				4A600E53277E750600C3FFC4 /* CommonCryptoUtility.swift in Sources */,
				4A48C524277E6888007487A0 /* CharactersController.swift in Sources */,
				4A48C4EC277E57FC007487A0 /* AppDelegate.swift in Sources */,
				4A600E4C277E748500C3FFC4 /* ComicModel.swift in Sources */,
			);
			runOnlyForDeploymentPostprocessing = 0;
		};
/* End PBXSourcesBuildPhase section */

/* Begin PBXVariantGroup section */
		4A48C4F6277E57FE007487A0 /* LaunchScreen.storyboard */ = {
			isa = PBXVariantGroup;
			children = (
				4A48C4F7277E57FE007487A0 /* Base */,
			);
			name = LaunchScreen.storyboard;
			sourceTree = "<group>";
		};
/* End PBXVariantGroup section */

/* Begin XCBuildConfiguration section */
		4A48C4FA277E57FE007487A0 /* Debug */ = {
			isa = XCBuildConfiguration;
			buildSettings = {
				ALWAYS_SEARCH_USER_PATHS = NO;
				CLANG_ANALYZER_NONNULL = YES;
				CLANG_ANALYZER_NUMBER_OBJECT_CONVERSION = YES_AGGRESSIVE;
				CLANG_CXX_LANGUAGE_STANDARD = "gnu++14";
				CLANG_CXX_LIBRARY = "libc++";
				CLANG_ENABLE_MODULES = YES;
				CLANG_ENABLE_OBJC_ARC = YES;
				CLANG_ENABLE_OBJC_WEAK = YES;
				CLANG_WARN_BLOCK_CAPTURE_AUTORELEASING = YES;
				CLANG_WARN_BOOL_CONVERSION = YES;
				CLANG_WARN_COMMA = YES;
				CLANG_WARN_CONSTANT_CONVERSION = YES;
				CLANG_WARN_DEPRECATED_OBJC_IMPLEMENTATIONS = YES;
				CLANG_WARN_DIRECT_OBJC_ISA_USAGE = YES_ERROR;
				CLANG_WARN_DOCUMENTATION_COMMENTS = YES;
				CLANG_WARN_EMPTY_BODY = YES;
				CLANG_WARN_ENUM_CONVERSION = YES;
				CLANG_WARN_INFINITE_RECURSION = YES;
				CLANG_WARN_INT_CONVERSION = YES;
				CLANG_WARN_NON_LITERAL_NULL_CONVERSION = YES;
				CLANG_WARN_OBJC_IMPLICIT_RETAIN_SELF = YES;
				CLANG_WARN_OBJC_LITERAL_CONVERSION = YES;
				CLANG_WARN_OBJC_ROOT_CLASS = YES_ERROR;
				CLANG_WARN_QUOTED_INCLUDE_IN_FRAMEWORK_HEADER = YES;
				CLANG_WARN_RANGE_LOOP_ANALYSIS = YES;
				CLANG_WARN_STRICT_PROTOTYPES = YES;
				CLANG_WARN_SUSPICIOUS_MOVE = YES;
				CLANG_WARN_UNGUARDED_AVAILABILITY = YES_AGGRESSIVE;
				CLANG_WARN_UNREACHABLE_CODE = YES;
				CLANG_WARN__DUPLICATE_METHOD_MATCH = YES;
				COPY_PHASE_STRIP = NO;
				DEBUG_INFORMATION_FORMAT = dwarf;
				ENABLE_STRICT_OBJC_MSGSEND = YES;
				ENABLE_TESTABILITY = YES;
				GCC_C_LANGUAGE_STANDARD = gnu11;
				GCC_DYNAMIC_NO_PIC = NO;
				GCC_NO_COMMON_BLOCKS = YES;
				GCC_OPTIMIZATION_LEVEL = 0;
				GCC_PREPROCESSOR_DEFINITIONS = (
					"DEBUG=1",
					"$(inherited)",
				);
				GCC_WARN_64_TO_32_BIT_CONVERSION = YES;
				GCC_WARN_ABOUT_RETURN_TYPE = YES_ERROR;
				GCC_WARN_UNDECLARED_SELECTOR = YES;
				GCC_WARN_UNINITIALIZED_AUTOS = YES_AGGRESSIVE;
				GCC_WARN_UNUSED_FUNCTION = YES;
				GCC_WARN_UNUSED_VARIABLE = YES;
				IPHONEOS_DEPLOYMENT_TARGET = 11.0;
				MTL_ENABLE_DEBUG_INFO = INCLUDE_SOURCE;
				MTL_FAST_MATH = YES;
				ONLY_ACTIVE_ARCH = YES;
				SDKROOT = iphoneos;
				SWIFT_ACTIVE_COMPILATION_CONDITIONS = DEBUG;
				SWIFT_OPTIMIZATION_LEVEL = "-Onone";
			};
			name = Debug;
		};
		4A48C4FB277E57FE007487A0 /* Release */ = {
			isa = XCBuildConfiguration;
			buildSettings = {
				ALWAYS_SEARCH_USER_PATHS = NO;
				CLANG_ANALYZER_NONNULL = YES;
				CLANG_ANALYZER_NUMBER_OBJECT_CONVERSION = YES_AGGRESSIVE;
				CLANG_CXX_LANGUAGE_STANDARD = "gnu++14";
				CLANG_CXX_LIBRARY = "libc++";
				CLANG_ENABLE_MODULES = YES;
				CLANG_ENABLE_OBJC_ARC = YES;
				CLANG_ENABLE_OBJC_WEAK = YES;
				CLANG_WARN_BLOCK_CAPTURE_AUTORELEASING = YES;
				CLANG_WARN_BOOL_CONVERSION = YES;
				CLANG_WARN_COMMA = YES;
				CLANG_WARN_CONSTANT_CONVERSION = YES;
				CLANG_WARN_DEPRECATED_OBJC_IMPLEMENTATIONS = YES;
				CLANG_WARN_DIRECT_OBJC_ISA_USAGE = YES_ERROR;
				CLANG_WARN_DOCUMENTATION_COMMENTS = YES;
				CLANG_WARN_EMPTY_BODY = YES;
				CLANG_WARN_ENUM_CONVERSION = YES;
				CLANG_WARN_INFINITE_RECURSION = YES;
				CLANG_WARN_INT_CONVERSION = YES;
				CLANG_WARN_NON_LITERAL_NULL_CONVERSION = YES;
				CLANG_WARN_OBJC_IMPLICIT_RETAIN_SELF = YES;
				CLANG_WARN_OBJC_LITERAL_CONVERSION = YES;
				CLANG_WARN_OBJC_ROOT_CLASS = YES_ERROR;
				CLANG_WARN_QUOTED_INCLUDE_IN_FRAMEWORK_HEADER = YES;
				CLANG_WARN_RANGE_LOOP_ANALYSIS = YES;
				CLANG_WARN_STRICT_PROTOTYPES = YES;
				CLANG_WARN_SUSPICIOUS_MOVE = YES;
				CLANG_WARN_UNGUARDED_AVAILABILITY = YES_AGGRESSIVE;
				CLANG_WARN_UNREACHABLE_CODE = YES;
				CLANG_WARN__DUPLICATE_METHOD_MATCH = YES;
				COPY_PHASE_STRIP = NO;
				DEBUG_INFORMATION_FORMAT = "dwarf-with-dsym";
				ENABLE_NS_ASSERTIONS = NO;
				ENABLE_STRICT_OBJC_MSGSEND = YES;
				GCC_C_LANGUAGE_STANDARD = gnu11;
				GCC_NO_COMMON_BLOCKS = YES;
				GCC_WARN_64_TO_32_BIT_CONVERSION = YES;
				GCC_WARN_ABOUT_RETURN_TYPE = YES_ERROR;
				GCC_WARN_UNDECLARED_SELECTOR = YES;
				GCC_WARN_UNINITIALIZED_AUTOS = YES_AGGRESSIVE;
				GCC_WARN_UNUSED_FUNCTION = YES;
				GCC_WARN_UNUSED_VARIABLE = YES;
				IPHONEOS_DEPLOYMENT_TARGET = 11.0;
				MTL_ENABLE_DEBUG_INFO = NO;
				MTL_FAST_MATH = YES;
				SDKROOT = iphoneos;
				SWIFT_COMPILATION_MODE = wholemodule;
				SWIFT_OPTIMIZATION_LEVEL = "-O";
				VALIDATE_PRODUCT = YES;
			};
			name = Release;
		};
		4A48C4FD277E57FE007487A0 /* Debug */ = {
			isa = XCBuildConfiguration;
			buildSettings = {
				ALWAYS_EMBED_SWIFT_STANDARD_LIBRARIES = YES;
				ASSETCATALOG_COMPILER_APPICON_NAME = AppIcon;
				ASSETCATALOG_COMPILER_GLOBAL_ACCENT_COLOR_NAME = AccentColor;
				CODE_SIGN_STYLE = Automatic;
				DEVELOPMENT_TEAM = Z23SRYYRNP;
				INFOPLIST_FILE = PATHAssignmentApp/targetsSupportFiles/Info.plist;
				IPHONEOS_DEPLOYMENT_TARGET = 11.0;
				LD_RUNPATH_SEARCH_PATHS = (
					"$(inherited)",
					"@executable_path/Frameworks",
				);
				PRODUCT_BUNDLE_IDENTIFIER = com.sereisoglu.PATHAssignmentApp;
				PRODUCT_NAME = "$(TARGET_NAME)";
				SWIFT_VERSION = 5.0;
				TARGETED_DEVICE_FAMILY = 1;
			};
			name = Debug;
		};
		4A48C4FE277E57FE007487A0 /* Release */ = {
			isa = XCBuildConfiguration;
			buildSettings = {
				ALWAYS_EMBED_SWIFT_STANDARD_LIBRARIES = YES;
				ASSETCATALOG_COMPILER_APPICON_NAME = AppIcon;
				ASSETCATALOG_COMPILER_GLOBAL_ACCENT_COLOR_NAME = AccentColor;
				CODE_SIGN_STYLE = Automatic;
				DEVELOPMENT_TEAM = Z23SRYYRNP;
				INFOPLIST_FILE = PATHAssignmentApp/targetsSupportFiles/Info.plist;
				IPHONEOS_DEPLOYMENT_TARGET = 11.0;
				LD_RUNPATH_SEARCH_PATHS = (
					"$(inherited)",
					"@executable_path/Frameworks",
				);
				PRODUCT_BUNDLE_IDENTIFIER = com.sereisoglu.PATHAssignmentApp;
				PRODUCT_NAME = "$(TARGET_NAME)";
				SWIFT_VERSION = 5.0;
				TARGETED_DEVICE_FAMILY = 1;
			};
			name = Release;
		};
/* End XCBuildConfiguration section */

/* Begin XCConfigurationList section */
		4A48C4E3277E57FC007487A0 /* Build configuration list for PBXProject "PATHAssignmentApp" */ = {
			isa = XCConfigurationList;
			buildConfigurations = (
				4A48C4FA277E57FE007487A0 /* Debug */,
				4A48C4FB277E57FE007487A0 /* Release */,
			);
			defaultConfigurationIsVisible = 0;
			defaultConfigurationName = Release;
		};
		4A48C4FC277E57FE007487A0 /* Build configuration list for PBXNativeTarget "PATHAssignmentApp" */ = {
			isa = XCConfigurationList;
			buildConfigurations = (
				4A48C4FD277E57FE007487A0 /* Debug */,
				4A48C4FE277E57FE007487A0 /* Release */,
			);
			defaultConfigurationIsVisible = 0;
			defaultConfigurationName = Release;
		};
/* End XCConfigurationList section */

/* Begin XCRemoteSwiftPackageReference section */
		4A48C4FF277E58B3007487A0 /* XCRemoteSwiftPackageReference "LBTATools" */ = {
			isa = XCRemoteSwiftPackageReference;
			repositoryURL = "https://github.com/bhlvoong/LBTATools.git";
			requirement = {
				kind = upToNextMajorVersion;
				minimumVersion = 1.0.17;
			};
		};
		4A48C502277E58D3007487A0 /* XCRemoteSwiftPackageReference "Alamofire" */ = {
			isa = XCRemoteSwiftPackageReference;
			repositoryURL = "https://github.com/Alamofire/Alamofire.git";
			requirement = {
				kind = upToNextMajorVersion;
				minimumVersion = 5.4.3;
			};
		};
		4A48C505277E58E8007487A0 /* XCRemoteSwiftPackageReference "Nuke" */ = {
			isa = XCRemoteSwiftPackageReference;
			repositoryURL = "https://github.com/kean/Nuke.git";
			requirement = {
				kind = upToNextMajorVersion;
				minimumVersion = 10.4.0;
			};
		};
/* End XCRemoteSwiftPackageReference section */

/* Begin XCSwiftPackageProductDependency section */
		4A48C500277E58B3007487A0 /* LBTATools */ = {
			isa = XCSwiftPackageProductDependency;
			package = 4A48C4FF277E58B3007487A0 /* XCRemoteSwiftPackageReference "LBTATools" */;
			productName = LBTATools;
		};
		4A48C503277E58D3007487A0 /* Alamofire */ = {
			isa = XCSwiftPackageProductDependency;
			package = 4A48C502277E58D3007487A0 /* XCRemoteSwiftPackageReference "Alamofire" */;
			productName = Alamofire;
		};
		4A48C506277E58E8007487A0 /* Nuke */ = {
			isa = XCSwiftPackageProductDependency;
			package = 4A48C505277E58E8007487A0 /* XCRemoteSwiftPackageReference "Nuke" */;
			productName = Nuke;
		};
/* End XCSwiftPackageProductDependency section */
	};
	rootObject = 4A48C4E0277E57FC007487A0 /* Project object */;
}
